// !$*UTF8*$!
{
	archiveVersion = 1;
	classes = {
	};
	objectVersion = 48;
	objects = {

/* Begin PBXBuildFile section */
		64399A902060EB9F00D1AE41 /* AppDelegate.swift in Sources */ = {isa = PBXBuildFile; fileRef = 64399A8F2060EB9F00D1AE41 /* AppDelegate.swift */; };
		64399A922060EB9F00D1AE41 /* ViewController.swift in Sources */ = {isa = PBXBuildFile; fileRef = 64399A912060EB9F00D1AE41 /* ViewController.swift */; };
		64399A952060EB9F00D1AE41 /* Main.storyboard in Resources */ = {isa = PBXBuildFile; fileRef = 64399A932060EB9F00D1AE41 /* Main.storyboard */; };
		64399A972060EB9F00D1AE41 /* Assets.xcassets in Resources */ = {isa = PBXBuildFile; fileRef = 64399A962060EB9F00D1AE41 /* Assets.xcassets */; };
		64399A9A2060EB9F00D1AE41 /* LaunchScreen.storyboard in Resources */ = {isa = PBXBuildFile; fileRef = 64399A982060EB9F00D1AE41 /* LaunchScreen.storyboard */; };
		64399AA32060EC3C00D1AE41 /* .swiftlint.yml in Resources */ = {isa = PBXBuildFile; fileRef = 64399AA22060EC3C00D1AE41 /* .swiftlint.yml */; };
/* End PBXBuildFile section */

/* Begin PBXFileReference section */
		64399A8C2060EB9F00D1AE41 /* StvProject14.app */ = {isa = PBXFileReference; explicitFileType = wrapper.application; includeInIndex = 0; path = StvProject14.app; sourceTree = BUILT_PRODUCTS_DIR; };
		64399A8F2060EB9F00D1AE41 /* AppDelegate.swift */ = {isa = PBXFileReference; lastKnownFileType = sourcecode.swift; path = AppDelegate.swift; sourceTree = "<group>"; };
		64399A912060EB9F00D1AE41 /* ViewController.swift */ = {isa = PBXFileReference; lastKnownFileType = sourcecode.swift; path = ViewController.swift; sourceTree = "<group>"; };
		64399A942060EB9F00D1AE41 /* Base */ = {isa = PBXFileReference; lastKnownFileType = file.storyboard; name = Base; path = Base.lproj/Main.storyboard; sourceTree = "<group>"; };
		64399A962060EB9F00D1AE41 /* Assets.xcassets */ = {isa = PBXFileReference; lastKnownFileType = folder.assetcatalog; path = Assets.xcassets; sourceTree = "<group>"; };
		64399A992060EB9F00D1AE41 /* Base */ = {isa = PBXFileReference; lastKnownFileType = file.storyboard; name = Base; path = Base.lproj/LaunchScreen.storyboard; sourceTree = "<group>"; };
		64399A9B2060EB9F00D1AE41 /* Info.plist */ = {isa = PBXFileReference; lastKnownFileType = text.plist.xml; path = Info.plist; sourceTree = "<group>"; };
		64399AA22060EC3C00D1AE41 /* .swiftlint.yml */ = {isa = PBXFileReference; fileEncoding = 4; lastKnownFileType = text; path = .swiftlint.yml; sourceTree = "<group>"; };
/* End PBXFileReference section */

/* Begin PBXFrameworksBuildPhase section */
		64399A892060EB9F00D1AE41 /* Frameworks */ = {
			isa = PBXFrameworksBuildPhase;
			buildActionMask = 2147483647;
			files = (
			);
			runOnlyForDeploymentPostprocessing = 0;
		};
/* End PBXFrameworksBuildPhase section */

/* Begin PBXGroup section */
		64399A832060EB9F00D1AE41 = {
			isa = PBXGroup;
			children = (
				64399AA22060EC3C00D1AE41 /* .swiftlint.yml */,
				64399A8E2060EB9F00D1AE41 /* StvProject14 */,
				64399A8D2060EB9F00D1AE41 /* Products */,
			);
			sourceTree = "<group>";
		};
		64399A8D2060EB9F00D1AE41 /* Products */ = {
			isa = PBXGroup;
			children = (
				64399A8C2060EB9F00D1AE41 /* StvProject14.app */,
			);
			name = Products;
			sourceTree = "<group>";
		};
		64399A8E2060EB9F00D1AE41 /* StvProject14 */ = {
			isa = PBXGroup;
			children = (
				64399A8F2060EB9F00D1AE41 /* AppDelegate.swift */,
				64399A912060EB9F00D1AE41 /* ViewController.swift */,
				64399A932060EB9F00D1AE41 /* Main.storyboard */,
				64399A962060EB9F00D1AE41 /* Assets.xcassets */,
				64399A982060EB9F00D1AE41 /* LaunchScreen.storyboard */,
				64399A9B2060EB9F00D1AE41 /* Info.plist */,
			);
			path = StvProject14;
			sourceTree = "<group>";
		};
/* End PBXGroup section */

/* Begin PBXNativeTarget section */
		64399A8B2060EB9F00D1AE41 /* StvProject14 */ = {
			isa = PBXNativeTarget;
			buildConfigurationList = 64399A9E2060EB9F00D1AE41 /* Build configuration list for PBXNativeTarget "StvProject14" */;
			buildPhases = (
				64399A882060EB9F00D1AE41 /* Sources */,
				64399A892060EB9F00D1AE41 /* Frameworks */,
				64399A8A2060EB9F00D1AE41 /* Resources */,
				64399AA12060EBA600D1AE41 /* ShellScript */,
			);
			buildRules = (
			);
			dependencies = (
			);
			name = StvProject14;
			productName = StvProject14;
			productReference = 64399A8C2060EB9F00D1AE41 /* StvProject14.app */;
			productType = "com.apple.product-type.application";
		};
/* End PBXNativeTarget section */

/* Begin PBXProject section */
		64399A842060EB9F00D1AE41 /* Project object */ = {
			isa = PBXProject;
			attributes = {
				LastSwiftUpdateCheck = 0920;
				LastUpgradeCheck = 0920;
				ORGANIZATIONNAME = kazua;
				TargetAttributes = {
					64399A8B2060EB9F00D1AE41 = {
						CreatedOnToolsVersion = 9.2;
						ProvisioningStyle = Automatic;
					};
				};
			};
			buildConfigurationList = 64399A872060EB9F00D1AE41 /* Build configuration list for PBXProject "StvProject14" */;
			compatibilityVersion = "Xcode 8.0";
			developmentRegion = en;
			hasScannedForEncodings = 0;
			knownRegions = (
				en,
				Base,
			);
			mainGroup = 64399A832060EB9F00D1AE41;
			productRefGroup = 64399A8D2060EB9F00D1AE41 /* Products */;
			projectDirPath = "";
			projectRoot = "";
			targets = (
				64399A8B2060EB9F00D1AE41 /* StvProject14 */,
			);
		};
/* End PBXProject section */

/* Begin PBXResourcesBuildPhase section */
		64399A8A2060EB9F00D1AE41 /* Resources */ = {
			isa = PBXResourcesBuildPhase;
			buildActionMask = 2147483647;
			files = (
				64399AA32060EC3C00D1AE41 /* .swiftlint.yml in Resources */,
				64399A9A2060EB9F00D1AE41 /* LaunchScreen.storyboard in Resources */,
				64399A972060EB9F00D1AE41 /* Assets.xcassets in Resources */,
				64399A952060EB9F00D1AE41 /* Main.storyboard in Resources */,
			);
			runOnlyForDeploymentPostprocessing = 0;
		};
/* End PBXResourcesBuildPhase section */

/* Begin PBXShellScriptBuildPhase section */
		64399AA12060EBA600D1AE41 /* ShellScript */ = {
			isa = PBXShellScriptBuildPhase;
			buildActionMask = 2147483647;
			files = (
			);
			inputPaths = (
			);
			outputPaths = (
			);
			runOnlyForDeploymentPostprocessing = 0;
			shellPath = /bin/sh;
			shellScript = "if which swiftlint >/dev/null; then\nswiftlint\nelse\necho \"SwiftLint does not exist, download from https://github.com/realm/SwiftLint\"\nfi";
		};
/* End PBXShellScriptBuildPhase section */

/* Begin PBXSourcesBuildPhase section */
		64399A882060EB9F00D1AE41 /* Sources */ = {
			isa = PBXSourcesBuildPhase;
			buildActionMask = 2147483647;
			files = (
				64399A922060EB9F00D1AE41 /* ViewController.swift in Sources */,
				64399A902060EB9F00D1AE41 /* AppDelegate.swift in Sources */,
			);
			runOnlyForDeploymentPostprocessing = 0;
		};
/* End PBXSourcesBuildPhase section */

/* Begin PBXVariantGroup section */
		64399A932060EB9F00D1AE41 /* Main.storyboard */ = {
			isa = PBXVariantGroup;
			children = (
				64399A942060EB9F00D1AE41 /* Base */,
			);
			name = Main.storyboard;
			sourceTree = "<group>";
		};
		64399A982060EB9F00D1AE41 /* LaunchScreen.storyboard */ = {
			isa = PBXVariantGroup;
			children = (
				64399A992060EB9F00D1AE41 /* Base */,
			);
			name = LaunchScreen.storyboard;
			sourceTree = "<group>";
		};
/* End PBXVariantGroup section */

/* Begin XCBuildConfiguration section */
		64399A9C2060EB9F00D1AE41 /* Debug */ = {
			isa = XCBuildConfiguration;
			buildSettings = {
				ALWAYS_SEARCH_USER_PATHS = NO;
				CLANG_ANALYZER_NONNULL = YES;
				CLANG_ANALYZER_NUMBER_OBJECT_CONVERSION = YES_AGGRESSIVE;
				CLANG_CXX_LANGUAGE_STANDARD = "gnu++14";
				CLANG_CXX_LIBRARY = "libc++";
				CLANG_ENABLE_MODULES = YES;
				CLANG_ENABLE_OBJC_ARC = YES;
				CLANG_WARN_BLOCK_CAPTURE_AUTORELEASING = YES;
				CLANG_WARN_BOOL_CONVERSION = YES;
				CLANG_WARN_COMMA = YES;
				CLANG_WARN_CONSTANT_CONVERSION = YES;
				CLANG_WARN_DIRECT_OBJC_ISA_USAGE = YES_ERROR;
				CLANG_WARN_DOCUMENTATION_COMMENTS = YES;
				CLANG_WARN_EMPTY_BODY = YES;
				CLANG_WARN_ENUM_CONVERSION = YES;
				CLANG_WARN_INFINITE_RECURSION = YES;
				CLANG_WARN_INT_CONVERSION = YES;
				CLANG_WARN_NON_LITERAL_NULL_CONVERSION = YES;
				CLANG_WARN_OBJC_LITERAL_CONVERSION = YES;
				CLANG_WARN_OBJC_ROOT_CLASS = YES_ERROR;
				CLANG_WARN_RANGE_LOOP_ANALYSIS = YES;
				CLANG_WARN_STRICT_PROTOTYPES = YES;
				CLANG_WARN_SUSPICIOUS_MOVE = YES;
				CLANG_WARN_UNGUARDED_AVAILABILITY = YES_AGGRESSIVE;
				CLANG_WARN_UNREACHABLE_CODE = YES;
				CLANG_WARN__DUPLICATE_METHOD_MATCH = YES;
				CODE_SIGN_IDENTITY = "iPhone Developer";
				COPY_PHASE_STRIP = NO;
				DEBUG_INFORMATION_FORMAT = dwarf;
				ENABLE_STRICT_OBJC_MSGSEND = YES;
				ENABLE_TESTABILITY = YES;
				GCC_C_LANGUAGE_STANDARD = gnu11;
				GCC_DYNAMIC_NO_PIC = NO;
				GCC_NO_COMMON_BLOCKS = YES;
				GCC_OPTIMIZATION_LEVEL = 0;
				GCC_PREPROCESSOR_DEFINITIONS = (
					"DEBUG=1",
					"$(inherited)",
				);
				GCC_WARN_64_TO_32_BIT_CONVERSION = YES;
				GCC_WARN_ABOUT_RETURN_TYPE = YES_ERROR;
				GCC_WARN_UNDECLARED_SELECTOR = YES;
				GCC_WARN_UNINITIALIZED_AUTOS = YES_AGGRESSIVE;
				GCC_WARN_UNUSED_FUNCTION = YES;
				GCC_WARN_UNUSED_VARIABLE = YES;
				IPHONEOS_DEPLOYMENT_TARGET = 11.2;
				MTL_ENABLE_DEBUG_INFO = YES;
				ONLY_ACTIVE_ARCH = YES;
				SDKROOT = iphoneos;
				SWIFT_ACTIVE_COMPILATION_CONDITIONS = DEBUG;
				SWIFT_OPTIMIZATION_LEVEL = "-Onone";
			};
			name = Debug;
		};
		64399A9D2060EB9F00D1AE41 /* Release */ = {
			isa = XCBuildConfiguration;
			buildSettings = {
				ALWAYS_SEARCH_USER_PATHS = NO;
				CLANG_ANALYZER_NONNULL = YES;
				CLANG_ANALYZER_NUMBER_OBJECT_CONVERSION = YES_AGGRESSIVE;
				CLANG_CXX_LANGUAGE_STANDARD = "gnu++14";
				CLANG_CXX_LIBRARY = "libc++";
				CLANG_ENABLE_MODULES = YES;
				CLANG_ENABLE_OBJC_ARC = YES;
				CLANG_WARN_BLOCK_CAPTURE_AUTORELEASING = YES;
				CLANG_WARN_BOOL_CONVERSION = YES;
				CLANG_WARN_COMMA = YES;
				CLANG_WARN_CONSTANT_CONVERSION = YES;
				CLANG_WARN_DIRECT_OBJC_ISA_USAGE = YES_ERROR;
				CLANG_WARN_DOCUMENTATION_COMMENTS = YES;
				CLANG_WARN_EMPTY_BODY = YES;
				CLANG_WARN_ENUM_CONVERSION = YES;
				CLANG_WARN_INFINITE_RECURSION = YES;
				CLANG_WARN_INT_CONVERSION = YES;
				CLANG_WARN_NON_LITERAL_NULL_CONVERSION = YES;
				CLANG_WARN_OBJC_LITERAL_CONVERSION = YES;
				CLANG_WARN_OBJC_ROOT_CLASS = YES_ERROR;
				CLANG_WARN_RANGE_LOOP_ANALYSIS = YES;
				CLANG_WARN_STRICT_PROTOTYPES = YES;
				CLANG_WARN_SUSPICIOUS_MOVE = YES;
				CLANG_WARN_UNGUARDED_AVAILABILITY = YES_AGGRESSIVE;
				CLANG_WARN_UNREACHABLE_CODE = YES;
				CLANG_WARN__DUPLICATE_METHOD_MATCH = YES;
				CODE_SIGN_IDENTITY = "iPhone Developer";
				COPY_PHASE_STRIP = NO;
				DEBUG_INFORMATION_FORMAT = "dwarf-with-dsym";
				ENABLE_NS_ASSERTIONS = NO;
				ENABLE_STRICT_OBJC_MSGSEND = YES;
				GCC_C_LANGUAGE_STANDARD = gnu11;
				GCC_NO_COMMON_BLOCKS = YES;
				GCC_WARN_64_TO_32_BIT_CONVERSION = YES;
				GCC_WARN_ABOUT_RETURN_TYPE = YES_ERROR;
				GCC_WARN_UNDECLARED_SELECTOR = YES;
				GCC_WARN_UNINITIALIZED_AUTOS = YES_AGGRESSIVE;
				GCC_WARN_UNUSED_FUNCTION = YES;
				GCC_WARN_UNUSED_VARIABLE = YES;
				IPHONEOS_DEPLOYMENT_TARGET = 11.2;
				MTL_ENABLE_DEBUG_INFO = NO;
				SDKROOT = iphoneos;
				SWIFT_OPTIMIZATION_LEVEL = "-Owholemodule";
				VALIDATE_PRODUCT = YES;
			};
			name = Release;
		};
		64399A9F2060EB9F00D1AE41 /* Debug */ = {
			isa = XCBuildConfiguration;
			buildSettings = {
				ASSETCATALOG_COMPILER_APPICON_NAME = AppIcon;
				CODE_SIGN_STYLE = Automatic;
				DEVELOPMENT_TEAM = PCCZJUYRT6;
				INFOPLIST_FILE = StvProject14/Info.plist;
				LD_RUNPATH_SEARCH_PATHS = "$(inherited) @executable_path/Frameworks";
				PRODUCT_BUNDLE_IDENTIFIER = com.kazua.StvProject14;
				PRODUCT_NAME = "$(TARGET_NAME)";
				SWIFT_VERSION = 4.0;
				TARGETED_DEVICE_FAMILY = "1,2";
			};
			name = Debug;
		};
		64399AA02060EB9F00D1AE41 /* Release */ = {
			isa = XCBuildConfiguration;
			buildSettings = {
				ASSETCATALOG_COMPILER_APPICON_NAME = AppIcon;
				CODE_SIGN_STYLE = Automatic;
				DEVELOPMENT_TEAM = PCCZJUYRT6;
				INFOPLIST_FILE = StvProject14/Info.plist;
				LD_RUNPATH_SEARCH_PATHS = "$(inherited) @executable_path/Frameworks";
				PRODUCT_BUNDLE_IDENTIFIER = com.kazua.StvProject14;
				PRODUCT_NAME = "$(TARGET_NAME)";
				SWIFT_VERSION = 4.0;
				TARGETED_DEVICE_FAMILY = "1,2";
			};
			name = Release;
		};
/* End XCBuildConfiguration section */

/* Begin XCConfigurationList section */
		64399A872060EB9F00D1AE41 /* Build configuration list for PBXProject "StvProject14" */ = {
			isa = XCConfigurationList;
			buildConfigurations = (
				64399A9C2060EB9F00D1AE41 /* Debug */,
				64399A9D2060EB9F00D1AE41 /* Release */,
			);
			defaultConfigurationIsVisible = 0;
			defaultConfigurationName = Release;
		};
		64399A9E2060EB9F00D1AE41 /* Build configuration list for PBXNativeTarget "StvProject14" */ = {
			isa = XCConfigurationList;
			buildConfigurations = (
				64399A9F2060EB9F00D1AE41 /* Debug */,
				64399AA02060EB9F00D1AE41 /* Release */,
			);
			defaultConfigurationIsVisible = 0;
			defaultConfigurationName = Release;
		};
/* End XCConfigurationList section */
	};
	rootObject = 64399A842060EB9F00D1AE41 /* Project object */;
}
