// !$*UTF8*$!
{
	archiveVersion = 1;
	classes = {
	};
	objectVersion = 48;
	objects = {

/* Begin PBXBuildFile section */
		64760E4A205F931600A2F5BF /* AppDelegate.swift in Sources */ = {isa = PBXBuildFile; fileRef = 64760E49205F931600A2F5BF /* AppDelegate.swift */; };
		64760E4C205F931600A2F5BF /* ViewController.swift in Sources */ = {isa = PBXBuildFile; fileRef = 64760E4B205F931600A2F5BF /* ViewController.swift */; };
		64760E4F205F931600A2F5BF /* Main.storyboard in Resources */ = {isa = PBXBuildFile; fileRef = 64760E4D205F931600A2F5BF /* Main.storyboard */; };
		64760E51205F931600A2F5BF /* Assets.xcassets in Resources */ = {isa = PBXBuildFile; fileRef = 64760E50205F931600A2F5BF /* Assets.xcassets */; };
		64760E54205F931600A2F5BF /* LaunchScreen.storyboard in Resources */ = {isa = PBXBuildFile; fileRef = 64760E52205F931600A2F5BF /* LaunchScreen.storyboard */; };
		64760E5D205F933300A2F5BF /* .swiftlint.yml in Resources */ = {isa = PBXBuildFile; fileRef = 64760E5C205F933300A2F5BF /* .swiftlint.yml */; };
		64760E62205F937000A2F5BF /* Localizable.strings in Resources */ = {isa = PBXBuildFile; fileRef = 64760E64205F937000A2F5BF /* Localizable.strings */; };
/* End PBXBuildFile section */

/* Begin PBXFileReference section */
		64760E46205F931600A2F5BF /* StvProject6.app */ = {isa = PBXFileReference; explicitFileType = wrapper.application; includeInIndex = 0; path = StvProject6.app; sourceTree = BUILT_PRODUCTS_DIR; };
		64760E49205F931600A2F5BF /* AppDelegate.swift */ = {isa = PBXFileReference; lastKnownFileType = sourcecode.swift; path = AppDelegate.swift; sourceTree = "<group>"; };
		64760E4B205F931600A2F5BF /* ViewController.swift */ = {isa = PBXFileReference; lastKnownFileType = sourcecode.swift; path = ViewController.swift; sourceTree = "<group>"; };
		64760E4E205F931600A2F5BF /* Base */ = {isa = PBXFileReference; lastKnownFileType = file.storyboard; name = Base; path = Base.lproj/Main.storyboard; sourceTree = "<group>"; };
		64760E50205F931600A2F5BF /* Assets.xcassets */ = {isa = PBXFileReference; lastKnownFileType = folder.assetcatalog; path = Assets.xcassets; sourceTree = "<group>"; };
		64760E53205F931600A2F5BF /* Base */ = {isa = PBXFileReference; lastKnownFileType = file.storyboard; name = Base; path = Base.lproj/LaunchScreen.storyboard; sourceTree = "<group>"; };
		64760E55205F931600A2F5BF /* Info.plist */ = {isa = PBXFileReference; lastKnownFileType = text.plist.xml; path = Info.plist; sourceTree = "<group>"; };
		64760E5C205F933300A2F5BF /* .swiftlint.yml */ = {isa = PBXFileReference; fileEncoding = 4; lastKnownFileType = text; path = .swiftlint.yml; sourceTree = "<group>"; };
		64760E5F205F934F00A2F5BF /* ja */ = {isa = PBXFileReference; lastKnownFileType = text.plist.strings; name = ja; path = ja.lproj/LaunchScreen.strings; sourceTree = "<group>"; };
		64760E63205F937000A2F5BF /* ja */ = {isa = PBXFileReference; lastKnownFileType = text.plist.strings; name = ja; path = ja.lproj/Localizable.strings; sourceTree = "<group>"; };
/* End PBXFileReference section */

/* Begin PBXFrameworksBuildPhase section */
		64760E43205F931600A2F5BF /* Frameworks */ = {
			isa = PBXFrameworksBuildPhase;
			buildActionMask = 2147483647;
			files = (
			);
			runOnlyForDeploymentPostprocessing = 0;
		};
/* End PBXFrameworksBuildPhase section */

/* Begin PBXGroup section */
		64760E3D205F931600A2F5BF = {
			isa = PBXGroup;
			children = (
				64760E5C205F933300A2F5BF /* .swiftlint.yml */,
				64760E48205F931600A2F5BF /* StvProject6 */,
				64760E47205F931600A2F5BF /* Products */,
			);
			sourceTree = "<group>";
		};
		64760E47205F931600A2F5BF /* Products */ = {
			isa = PBXGroup;
			children = (
				64760E46205F931600A2F5BF /* StvProject6.app */,
			);
			name = Products;
			sourceTree = "<group>";
		};
		64760E48205F931600A2F5BF /* StvProject6 */ = {
			isa = PBXGroup;
			children = (
				64760E49205F931600A2F5BF /* AppDelegate.swift */,
				64760E4B205F931600A2F5BF /* ViewController.swift */,
				64760E4D205F931600A2F5BF /* Main.storyboard */,
				64760E64205F937000A2F5BF /* Localizable.strings */,
				64760E50205F931600A2F5BF /* Assets.xcassets */,
				64760E52205F931600A2F5BF /* LaunchScreen.storyboard */,
				64760E55205F931600A2F5BF /* Info.plist */,
			);
			path = StvProject6;
			sourceTree = "<group>";
		};
/* End PBXGroup section */

/* Begin PBXNativeTarget section */
		64760E45205F931600A2F5BF /* StvProject6 */ = {
			isa = PBXNativeTarget;
			buildConfigurationList = 64760E58205F931600A2F5BF /* Build configuration list for PBXNativeTarget "StvProject6" */;
			buildPhases = (
				64760E42205F931600A2F5BF /* Sources */,
				64760E43205F931600A2F5BF /* Frameworks */,
				64760E44205F931600A2F5BF /* Resources */,
				64760E5B205F932000A2F5BF /* ShellScript */,
			);
			buildRules = (
			);
			dependencies = (
			);
			name = StvProject6;
			productName = StvProject6;
			productReference = 64760E46205F931600A2F5BF /* StvProject6.app */;
			productType = "com.apple.product-type.application";
		};
/* End PBXNativeTarget section */

/* Begin PBXProject section */
		64760E3E205F931600A2F5BF /* Project object */ = {
			isa = PBXProject;
			attributes = {
				LastSwiftUpdateCheck = 0920;
				LastUpgradeCheck = 1120;
				ORGANIZATIONNAME = kazua;
				TargetAttributes = {
					64760E45205F931600A2F5BF = {
						CreatedOnToolsVersion = 9.2;
						LastSwiftMigration = 1120;
						ProvisioningStyle = Automatic;
					};
				};
			};
			buildConfigurationList = 64760E41205F931600A2F5BF /* Build configuration list for PBXProject "StvProject6" */;
			compatibilityVersion = "Xcode 8.0";
			developmentRegion = en;
			hasScannedForEncodings = 0;
			knownRegions = (
				en,
				Base,
				ja,
			);
			mainGroup = 64760E3D205F931600A2F5BF;
			productRefGroup = 64760E47205F931600A2F5BF /* Products */;
			projectDirPath = "";
			projectRoot = "";
			targets = (
				64760E45205F931600A2F5BF /* StvProject6 */,
			);
		};
/* End PBXProject section */

/* Begin PBXResourcesBuildPhase section */
		64760E44205F931600A2F5BF /* Resources */ = {
			isa = PBXResourcesBuildPhase;
			buildActionMask = 2147483647;
			files = (
				64760E62205F937000A2F5BF /* Localizable.strings in Resources */,
				64760E5D205F933300A2F5BF /* .swiftlint.yml in Resources */,
				64760E54205F931600A2F5BF /* LaunchScreen.storyboard in Resources */,
				64760E51205F931600A2F5BF /* Assets.xcassets in Resources */,
				64760E4F205F931600A2F5BF /* Main.storyboard in Resources */,
			);
			runOnlyForDeploymentPostprocessing = 0;
		};
/* End PBXResourcesBuildPhase section */

/* Begin PBXShellScriptBuildPhase section */
		64760E5B205F932000A2F5BF /* ShellScript */ = {
			isa = PBXShellScriptBuildPhase;
			buildActionMask = 2147483647;
			files = (
			);
			inputPaths = (
			);
			outputPaths = (
			);
			runOnlyForDeploymentPostprocessing = 0;
			shellPath = /bin/sh;
			shellScript = "if which swiftlint >/dev/null; then\nswiftlint\nelse\necho \"warning: SwiftLint not installed, download from https://github.com/realm/SwiftLint\"\nfi";
		};
/* End PBXShellScriptBuildPhase section */

/* Begin PBXSourcesBuildPhase section */
		64760E42205F931600A2F5BF /* Sources */ = {
			isa = PBXSourcesBuildPhase;
			buildActionMask = 2147483647;
			files = (
				64760E4C205F931600A2F5BF /* ViewController.swift in Sources */,
				64760E4A205F931600A2F5BF /* AppDelegate.swift in Sources */,
			);
			runOnlyForDeploymentPostprocessing = 0;
		};
/* End PBXSourcesBuildPhase section */

/* Begin PBXVariantGroup section */
		64760E4D205F931600A2F5BF /* Main.storyboard */ = {
			isa = PBXVariantGroup;
			children = (
				64760E4E205F931600A2F5BF /* Base */,
			);
			name = Main.storyboard;
			sourceTree = "<group>";
		};
		64760E52205F931600A2F5BF /* LaunchScreen.storyboard */ = {
			isa = PBXVariantGroup;
			children = (
				64760E53205F931600A2F5BF /* Base */,
				64760E5F205F934F00A2F5BF /* ja */,
			);
			name = LaunchScreen.storyboard;
			sourceTree = "<group>";
		};
		64760E64205F937000A2F5BF /* Localizable.strings */ = {
			isa = PBXVariantGroup;
			children = (
				64760E63205F937000A2F5BF /* ja */,
			);
			name = Localizable.strings;
			sourceTree = "<group>";
		};
/* End PBXVariantGroup section */

/* Begin XCBuildConfiguration section */
		64760E56205F931600A2F5BF /* Debug */ = {
			isa = XCBuildConfiguration;
			buildSettings = {
				ALWAYS_SEARCH_USER_PATHS = NO;
				CLANG_ANALYZER_LOCALIZABILITY_NONLOCALIZED = YES;
				CLANG_ANALYZER_NONNULL = YES;
				CLANG_ANALYZER_NUMBER_OBJECT_CONVERSION = YES_AGGRESSIVE;
				CLANG_CXX_LANGUAGE_STANDARD = "gnu++14";
				CLANG_CXX_LIBRARY = "libc++";
				CLANG_ENABLE_MODULES = YES;
				CLANG_ENABLE_OBJC_ARC = YES;
				CLANG_WARN_BLOCK_CAPTURE_AUTORELEASING = YES;
				CLANG_WARN_BOOL_CONVERSION = YES;
				CLANG_WARN_COMMA = YES;
				CLANG_WARN_CONSTANT_CONVERSION = YES;
				CLANG_WARN_DEPRECATED_OBJC_IMPLEMENTATIONS = YES;
				CLANG_WARN_DIRECT_OBJC_ISA_USAGE = YES_ERROR;
				CLANG_WARN_DOCUMENTATION_COMMENTS = YES;
				CLANG_WARN_EMPTY_BODY = YES;
				CLANG_WARN_ENUM_CONVERSION = YES;
				CLANG_WARN_INFINITE_RECURSION = YES;
				CLANG_WARN_INT_CONVERSION = YES;
				CLANG_WARN_NON_LITERAL_NULL_CONVERSION = YES;
				CLANG_WARN_OBJC_IMPLICIT_RETAIN_SELF = YES;
				CLANG_WARN_OBJC_LITERAL_CONVERSION = YES;
				CLANG_WARN_OBJC_ROOT_CLASS = YES_ERROR;
				CLANG_WARN_RANGE_LOOP_ANALYSIS = YES;
				CLANG_WARN_STRICT_PROTOTYPES = YES;
				CLANG_WARN_SUSPICIOUS_MOVE = YES;
				CLANG_WARN_UNGUARDED_AVAILABILITY = YES_AGGRESSIVE;
				CLANG_WARN_UNREACHABLE_CODE = YES;
				CLANG_WARN__DUPLICATE_METHOD_MATCH = YES;
				CODE_SIGN_IDENTITY = "iPhone Developer";
				COPY_PHASE_STRIP = NO;
				DEBUG_INFORMATION_FORMAT = dwarf;
				ENABLE_STRICT_OBJC_MSGSEND = YES;
				ENABLE_TESTABILITY = YES;
				GCC_C_LANGUAGE_STANDARD = gnu11;
				GCC_DYNAMIC_NO_PIC = NO;
				GCC_NO_COMMON_BLOCKS = YES;
				GCC_OPTIMIZATION_LEVEL = 0;
				GCC_PREPROCESSOR_DEFINITIONS = (
					"DEBUG=1",
					"$(inherited)",
				);
				GCC_WARN_64_TO_32_BIT_CONVERSION = YES;
				GCC_WARN_ABOUT_RETURN_TYPE = YES_ERROR;
				GCC_WARN_UNDECLARED_SELECTOR = YES;
				GCC_WARN_UNINITIALIZED_AUTOS = YES_AGGRESSIVE;
				GCC_WARN_UNUSED_FUNCTION = YES;
				GCC_WARN_UNUSED_VARIABLE = YES;
				IPHONEOS_DEPLOYMENT_TARGET = 11.2;
				MTL_ENABLE_DEBUG_INFO = YES;
				ONLY_ACTIVE_ARCH = YES;
				SDKROOT = iphoneos;
				SWIFT_ACTIVE_COMPILATION_CONDITIONS = DEBUG;
				SWIFT_OPTIMIZATION_LEVEL = "-Onone";
			};
			name = Debug;
		};
		64760E57205F931600A2F5BF /* Release */ = {
			isa = XCBuildConfiguration;
			buildSettings = {
				ALWAYS_SEARCH_USER_PATHS = NO;
				CLANG_ANALYZER_LOCALIZABILITY_NONLOCALIZED = YES;
				CLANG_ANALYZER_NONNULL = YES;
				CLANG_ANALYZER_NUMBER_OBJECT_CONVERSION = YES_AGGRESSIVE;
				CLANG_CXX_LANGUAGE_STANDARD = "gnu++14";
				CLANG_CXX_LIBRARY = "libc++";
				CLANG_ENABLE_MODULES = YES;
				CLANG_ENABLE_OBJC_ARC = YES;
				CLANG_WARN_BLOCK_CAPTURE_AUTORELEASING = YES;
				CLANG_WARN_BOOL_CONVERSION = YES;
				CLANG_WARN_COMMA = YES;
				CLANG_WARN_CONSTANT_CONVERSION = YES;
				CLANG_WARN_DEPRECATED_OBJC_IMPLEMENTATIONS = YES;
				CLANG_WARN_DIRECT_OBJC_ISA_USAGE = YES_ERROR;
				CLANG_WARN_DOCUMENTATION_COMMENTS = YES;
				CLANG_WARN_EMPTY_BODY = YES;
				CLANG_WARN_ENUM_CONVERSION = YES;
				CLANG_WARN_INFINITE_RECURSION = YES;
				CLANG_WARN_INT_CONVERSION = YES;
				CLANG_WARN_NON_LITERAL_NULL_CONVERSION = YES;
				CLANG_WARN_OBJC_IMPLICIT_RETAIN_SELF = YES;
				CLANG_WARN_OBJC_LITERAL_CONVERSION = YES;
				CLANG_WARN_OBJC_ROOT_CLASS = YES_ERROR;
				CLANG_WARN_RANGE_LOOP_ANALYSIS = YES;
				CLANG_WARN_STRICT_PROTOTYPES = YES;
				CLANG_WARN_SUSPICIOUS_MOVE = YES;
				CLANG_WARN_UNGUARDED_AVAILABILITY = YES_AGGRESSIVE;
				CLANG_WARN_UNREACHABLE_CODE = YES;
				CLANG_WARN__DUPLICATE_METHOD_MATCH = YES;
				CODE_SIGN_IDENTITY = "iPhone Developer";
				COPY_PHASE_STRIP = NO;
				DEBUG_INFORMATION_FORMAT = "dwarf-with-dsym";
				ENABLE_NS_ASSERTIONS = NO;
				ENABLE_STRICT_OBJC_MSGSEND = YES;
				GCC_C_LANGUAGE_STANDARD = gnu11;
				GCC_NO_COMMON_BLOCKS = YES;
				GCC_WARN_64_TO_32_BIT_CONVERSION = YES;
				GCC_WARN_ABOUT_RETURN_TYPE = YES_ERROR;
				GCC_WARN_UNDECLARED_SELECTOR = YES;
				GCC_WARN_UNINITIALIZED_AUTOS = YES_AGGRESSIVE;
				GCC_WARN_UNUSED_FUNCTION = YES;
				GCC_WARN_UNUSED_VARIABLE = YES;
				IPHONEOS_DEPLOYMENT_TARGET = 11.2;
				MTL_ENABLE_DEBUG_INFO = NO;
				SDKROOT = iphoneos;
				SWIFT_OPTIMIZATION_LEVEL = "-Owholemodule";
				VALIDATE_PRODUCT = YES;
			};
			name = Release;
		};
		64760E59205F931600A2F5BF /* Debug */ = {
			isa = XCBuildConfiguration;
			buildSettings = {
				ASSETCATALOG_COMPILER_APPICON_NAME = AppIcon;
				CODE_SIGN_STYLE = Automatic;
				DEVELOPMENT_TEAM = PCCZJUYRT6;
				INFOPLIST_FILE = StvProject6/Info.plist;
				LD_RUNPATH_SEARCH_PATHS = "$(inherited) @executable_path/Frameworks";
				PRODUCT_BUNDLE_IDENTIFIER = com.kazua.StvProject6;
				PRODUCT_NAME = "$(TARGET_NAME)";
				SWIFT_VERSION = 5.0;
				TARGETED_DEVICE_FAMILY = "1,2";
			};
			name = Debug;
		};
		64760E5A205F931600A2F5BF /* Release */ = {
			isa = XCBuildConfiguration;
			buildSettings = {
				ASSETCATALOG_COMPILER_APPICON_NAME = AppIcon;
				CODE_SIGN_STYLE = Automatic;
				DEVELOPMENT_TEAM = PCCZJUYRT6;
				INFOPLIST_FILE = StvProject6/Info.plist;
				LD_RUNPATH_SEARCH_PATHS = "$(inherited) @executable_path/Frameworks";
				PRODUCT_BUNDLE_IDENTIFIER = com.kazua.StvProject6;
				PRODUCT_NAME = "$(TARGET_NAME)";
				SWIFT_VERSION = 5.0;
				TARGETED_DEVICE_FAMILY = "1,2";
			};
			name = Release;
		};
/* End XCBuildConfiguration section */

/* Begin XCConfigurationList section */
		64760E41205F931600A2F5BF /* Build configuration list for PBXProject "StvProject6" */ = {
			isa = XCConfigurationList;
			buildConfigurations = (
				64760E56205F931600A2F5BF /* Debug */,
				64760E57205F931600A2F5BF /* Release */,
			);
			defaultConfigurationIsVisible = 0;
			defaultConfigurationName = Release;
		};
		64760E58205F931600A2F5BF /* Build configuration list for PBXNativeTarget "StvProject6" */ = {
			isa = XCConfigurationList;
			buildConfigurations = (
				64760E59205F931600A2F5BF /* Debug */,
				64760E5A205F931600A2F5BF /* Release */,
			);
			defaultConfigurationIsVisible = 0;
			defaultConfigurationName = Release;
		};
/* End XCConfigurationList section */
	};
	rootObject = 64760E3E205F931600A2F5BF /* Project object */;
}
