// !$*UTF8*$!
{
	archiveVersion = 1;
	classes = {
	};
	objectVersion = 48;
	objects = {

/* Begin PBXBuildFile section */
		647CFC8120676CEE00EF1C8D /* AppDelegate.swift in Sources */ = {isa = PBXBuildFile; fileRef = 647CFC8020676CEE00EF1C8D /* AppDelegate.swift */; };
		647CFC8320676CEE00EF1C8D /* ViewController.swift in Sources */ = {isa = PBXBuildFile; fileRef = 647CFC8220676CEE00EF1C8D /* ViewController.swift */; };
		647CFC8620676CEE00EF1C8D /* Main.storyboard in Resources */ = {isa = PBXBuildFile; fileRef = 647CFC8420676CEE00EF1C8D /* Main.storyboard */; };
		647CFC8820676CEE00EF1C8D /* Assets.xcassets in Resources */ = {isa = PBXBuildFile; fileRef = 647CFC8720676CEE00EF1C8D /* Assets.xcassets */; };
		647CFC8B20676CEE00EF1C8D /* LaunchScreen.storyboard in Resources */ = {isa = PBXBuildFile; fileRef = 647CFC8920676CEE00EF1C8D /* LaunchScreen.storyboard */; };
		647CFC9420676D0400EF1C8D /* .swiftlint.yml in Resources */ = {isa = PBXBuildFile; fileRef = 647CFC9320676D0400EF1C8D /* .swiftlint.yml */; };
/* End PBXBuildFile section */

/* Begin PBXFileReference section */
		647CFC7D20676CEE00EF1C8D /* StvProject20.app */ = {isa = PBXFileReference; explicitFileType = wrapper.application; includeInIndex = 0; path = StvProject20.app; sourceTree = BUILT_PRODUCTS_DIR; };
		647CFC8020676CEE00EF1C8D /* AppDelegate.swift */ = {isa = PBXFileReference; lastKnownFileType = sourcecode.swift; path = AppDelegate.swift; sourceTree = "<group>"; };
		647CFC8220676CEE00EF1C8D /* ViewController.swift */ = {isa = PBXFileReference; lastKnownFileType = sourcecode.swift; path = ViewController.swift; sourceTree = "<group>"; };
		647CFC8520676CEE00EF1C8D /* Base */ = {isa = PBXFileReference; lastKnownFileType = file.storyboard; name = Base; path = Base.lproj/Main.storyboard; sourceTree = "<group>"; };
		647CFC8720676CEE00EF1C8D /* Assets.xcassets */ = {isa = PBXFileReference; lastKnownFileType = folder.assetcatalog; path = Assets.xcassets; sourceTree = "<group>"; };
		647CFC8A20676CEE00EF1C8D /* Base */ = {isa = PBXFileReference; lastKnownFileType = file.storyboard; name = Base; path = Base.lproj/LaunchScreen.storyboard; sourceTree = "<group>"; };
		647CFC8C20676CEE00EF1C8D /* Info.plist */ = {isa = PBXFileReference; lastKnownFileType = text.plist.xml; path = Info.plist; sourceTree = "<group>"; };
		647CFC9320676D0400EF1C8D /* .swiftlint.yml */ = {isa = PBXFileReference; fileEncoding = 4; lastKnownFileType = text; path = .swiftlint.yml; sourceTree = "<group>"; };
/* End PBXFileReference section */

/* Begin PBXFrameworksBuildPhase section */
		647CFC7A20676CEE00EF1C8D /* Frameworks */ = {
			isa = PBXFrameworksBuildPhase;
			buildActionMask = 2147483647;
			files = (
			);
			runOnlyForDeploymentPostprocessing = 0;
		};
/* End PBXFrameworksBuildPhase section */

/* Begin PBXGroup section */
		647CFC7420676CEE00EF1C8D = {
			isa = PBXGroup;
			children = (
				647CFC9320676D0400EF1C8D /* .swiftlint.yml */,
				647CFC7F20676CEE00EF1C8D /* StvProject20 */,
				647CFC7E20676CEE00EF1C8D /* Products */,
			);
			sourceTree = "<group>";
		};
		647CFC7E20676CEE00EF1C8D /* Products */ = {
			isa = PBXGroup;
			children = (
				647CFC7D20676CEE00EF1C8D /* StvProject20.app */,
			);
			name = Products;
			sourceTree = "<group>";
		};
		647CFC7F20676CEE00EF1C8D /* StvProject20 */ = {
			isa = PBXGroup;
			children = (
				647CFC8020676CEE00EF1C8D /* AppDelegate.swift */,
				647CFC8220676CEE00EF1C8D /* ViewController.swift */,
				647CFC8420676CEE00EF1C8D /* Main.storyboard */,
				647CFC8720676CEE00EF1C8D /* Assets.xcassets */,
				647CFC8920676CEE00EF1C8D /* LaunchScreen.storyboard */,
				647CFC8C20676CEE00EF1C8D /* Info.plist */,
			);
			path = StvProject20;
			sourceTree = "<group>";
		};
/* End PBXGroup section */

/* Begin PBXNativeTarget section */
		647CFC7C20676CEE00EF1C8D /* StvProject20 */ = {
			isa = PBXNativeTarget;
			buildConfigurationList = 647CFC8F20676CEE00EF1C8D /* Build configuration list for PBXNativeTarget "StvProject20" */;
			buildPhases = (
				647CFC7920676CEE00EF1C8D /* Sources */,
				647CFC7A20676CEE00EF1C8D /* Frameworks */,
				647CFC7B20676CEE00EF1C8D /* Resources */,
				647CFC9220676CF600EF1C8D /* ShellScript */,
			);
			buildRules = (
			);
			dependencies = (
			);
			name = StvProject20;
			productName = StvProject20;
			productReference = 647CFC7D20676CEE00EF1C8D /* StvProject20.app */;
			productType = "com.apple.product-type.application";
		};
/* End PBXNativeTarget section */

/* Begin PBXProject section */
		647CFC7520676CEE00EF1C8D /* Project object */ = {
			isa = PBXProject;
			attributes = {
				LastSwiftUpdateCheck = 0920;
				LastUpgradeCheck = 0920;
				ORGANIZATIONNAME = kazua;
				TargetAttributes = {
					647CFC7C20676CEE00EF1C8D = {
						CreatedOnToolsVersion = 9.2;
						ProvisioningStyle = Automatic;
					};
				};
			};
			buildConfigurationList = 647CFC7820676CEE00EF1C8D /* Build configuration list for PBXProject "StvProject20" */;
			compatibilityVersion = "Xcode 8.0";
			developmentRegion = en;
			hasScannedForEncodings = 0;
			knownRegions = (
				en,
				Base,
			);
			mainGroup = 647CFC7420676CEE00EF1C8D;
			productRefGroup = 647CFC7E20676CEE00EF1C8D /* Products */;
			projectDirPath = "";
			projectRoot = "";
			targets = (
				647CFC7C20676CEE00EF1C8D /* StvProject20 */,
			);
		};
/* End PBXProject section */

/* Begin PBXResourcesBuildPhase section */
		647CFC7B20676CEE00EF1C8D /* Resources */ = {
			isa = PBXResourcesBuildPhase;
			buildActionMask = 2147483647;
			files = (
				647CFC9420676D0400EF1C8D /* .swiftlint.yml in Resources */,
				647CFC8B20676CEE00EF1C8D /* LaunchScreen.storyboard in Resources */,
				647CFC8820676CEE00EF1C8D /* Assets.xcassets in Resources */,
				647CFC8620676CEE00EF1C8D /* Main.storyboard in Resources */,
			);
			runOnlyForDeploymentPostprocessing = 0;
		};
/* End PBXResourcesBuildPhase section */

/* Begin PBXShellScriptBuildPhase section */
		647CFC9220676CF600EF1C8D /* ShellScript */ = {
			isa = PBXShellScriptBuildPhase;
			buildActionMask = 2147483647;
			files = (
			);
			inputPaths = (
			);
			outputPaths = (
			);
			runOnlyForDeploymentPostprocessing = 0;
			shellPath = /bin/sh;
			shellScript = "if which swiftlint >/dev/null; then\nswiftlint\nelse\necho \"SwiftLint does not exist, download from https://github.com/realm/SwiftLint\"\nfi";
		};
/* End PBXShellScriptBuildPhase section */

/* Begin PBXSourcesBuildPhase section */
		647CFC7920676CEE00EF1C8D /* Sources */ = {
			isa = PBXSourcesBuildPhase;
			buildActionMask = 2147483647;
			files = (
				647CFC8320676CEE00EF1C8D /* ViewController.swift in Sources */,
				647CFC8120676CEE00EF1C8D /* AppDelegate.swift in Sources */,
			);
			runOnlyForDeploymentPostprocessing = 0;
		};
/* End PBXSourcesBuildPhase section */

/* Begin PBXVariantGroup section */
		647CFC8420676CEE00EF1C8D /* Main.storyboard */ = {
			isa = PBXVariantGroup;
			children = (
				647CFC8520676CEE00EF1C8D /* Base */,
			);
			name = Main.storyboard;
			sourceTree = "<group>";
		};
		647CFC8920676CEE00EF1C8D /* LaunchScreen.storyboard */ = {
			isa = PBXVariantGroup;
			children = (
				647CFC8A20676CEE00EF1C8D /* Base */,
			);
			name = LaunchScreen.storyboard;
			sourceTree = "<group>";
		};
/* End PBXVariantGroup section */

/* Begin XCBuildConfiguration section */
		647CFC8D20676CEE00EF1C8D /* Debug */ = {
			isa = XCBuildConfiguration;
			buildSettings = {
				ALWAYS_SEARCH_USER_PATHS = NO;
				CLANG_ANALYZER_NONNULL = YES;
				CLANG_ANALYZER_NUMBER_OBJECT_CONVERSION = YES_AGGRESSIVE;
				CLANG_CXX_LANGUAGE_STANDARD = "gnu++14";
				CLANG_CXX_LIBRARY = "libc++";
				CLANG_ENABLE_MODULES = YES;
				CLANG_ENABLE_OBJC_ARC = YES;
				CLANG_WARN_BLOCK_CAPTURE_AUTORELEASING = YES;
				CLANG_WARN_BOOL_CONVERSION = YES;
				CLANG_WARN_COMMA = YES;
				CLANG_WARN_CONSTANT_CONVERSION = YES;
				CLANG_WARN_DIRECT_OBJC_ISA_USAGE = YES_ERROR;
				CLANG_WARN_DOCUMENTATION_COMMENTS = YES;
				CLANG_WARN_EMPTY_BODY = YES;
				CLANG_WARN_ENUM_CONVERSION = YES;
				CLANG_WARN_INFINITE_RECURSION = YES;
				CLANG_WARN_INT_CONVERSION = YES;
				CLANG_WARN_NON_LITERAL_NULL_CONVERSION = YES;
				CLANG_WARN_OBJC_LITERAL_CONVERSION = YES;
				CLANG_WARN_OBJC_ROOT_CLASS = YES_ERROR;
				CLANG_WARN_RANGE_LOOP_ANALYSIS = YES;
				CLANG_WARN_STRICT_PROTOTYPES = YES;
				CLANG_WARN_SUSPICIOUS_MOVE = YES;
				CLANG_WARN_UNGUARDED_AVAILABILITY = YES_AGGRESSIVE;
				CLANG_WARN_UNREACHABLE_CODE = YES;
				CLANG_WARN__DUPLICATE_METHOD_MATCH = YES;
				CODE_SIGN_IDENTITY = "iPhone Developer";
				COPY_PHASE_STRIP = NO;
				DEBUG_INFORMATION_FORMAT = dwarf;
				ENABLE_STRICT_OBJC_MSGSEND = YES;
				ENABLE_TESTABILITY = YES;
				GCC_C_LANGUAGE_STANDARD = gnu11;
				GCC_DYNAMIC_NO_PIC = NO;
				GCC_NO_COMMON_BLOCKS = YES;
				GCC_OPTIMIZATION_LEVEL = 0;
				GCC_PREPROCESSOR_DEFINITIONS = (
					"DEBUG=1",
					"$(inherited)",
				);
				GCC_WARN_64_TO_32_BIT_CONVERSION = YES;
				GCC_WARN_ABOUT_RETURN_TYPE = YES_ERROR;
				GCC_WARN_UNDECLARED_SELECTOR = YES;
				GCC_WARN_UNINITIALIZED_AUTOS = YES_AGGRESSIVE;
				GCC_WARN_UNUSED_FUNCTION = YES;
				GCC_WARN_UNUSED_VARIABLE = YES;
				IPHONEOS_DEPLOYMENT_TARGET = 11.2;
				MTL_ENABLE_DEBUG_INFO = YES;
				ONLY_ACTIVE_ARCH = YES;
				SDKROOT = iphoneos;
				SWIFT_ACTIVE_COMPILATION_CONDITIONS = DEBUG;
				SWIFT_OPTIMIZATION_LEVEL = "-Onone";
			};
			name = Debug;
		};
		647CFC8E20676CEE00EF1C8D /* Release */ = {
			isa = XCBuildConfiguration;
			buildSettings = {
				ALWAYS_SEARCH_USER_PATHS = NO;
				CLANG_ANALYZER_NONNULL = YES;
				CLANG_ANALYZER_NUMBER_OBJECT_CONVERSION = YES_AGGRESSIVE;
				CLANG_CXX_LANGUAGE_STANDARD = "gnu++14";
				CLANG_CXX_LIBRARY = "libc++";
				CLANG_ENABLE_MODULES = YES;
				CLANG_ENABLE_OBJC_ARC = YES;
				CLANG_WARN_BLOCK_CAPTURE_AUTORELEASING = YES;
				CLANG_WARN_BOOL_CONVERSION = YES;
				CLANG_WARN_COMMA = YES;
				CLANG_WARN_CONSTANT_CONVERSION = YES;
				CLANG_WARN_DIRECT_OBJC_ISA_USAGE = YES_ERROR;
				CLANG_WARN_DOCUMENTATION_COMMENTS = YES;
				CLANG_WARN_EMPTY_BODY = YES;
				CLANG_WARN_ENUM_CONVERSION = YES;
				CLANG_WARN_INFINITE_RECURSION = YES;
				CLANG_WARN_INT_CONVERSION = YES;
				CLANG_WARN_NON_LITERAL_NULL_CONVERSION = YES;
				CLANG_WARN_OBJC_LITERAL_CONVERSION = YES;
				CLANG_WARN_OBJC_ROOT_CLASS = YES_ERROR;
				CLANG_WARN_RANGE_LOOP_ANALYSIS = YES;
				CLANG_WARN_STRICT_PROTOTYPES = YES;
				CLANG_WARN_SUSPICIOUS_MOVE = YES;
				CLANG_WARN_UNGUARDED_AVAILABILITY = YES_AGGRESSIVE;
				CLANG_WARN_UNREACHABLE_CODE = YES;
				CLANG_WARN__DUPLICATE_METHOD_MATCH = YES;
				CODE_SIGN_IDENTITY = "iPhone Developer";
				COPY_PHASE_STRIP = NO;
				DEBUG_INFORMATION_FORMAT = "dwarf-with-dsym";
				ENABLE_NS_ASSERTIONS = NO;
				ENABLE_STRICT_OBJC_MSGSEND = YES;
				GCC_C_LANGUAGE_STANDARD = gnu11;
				GCC_NO_COMMON_BLOCKS = YES;
				GCC_WARN_64_TO_32_BIT_CONVERSION = YES;
				GCC_WARN_ABOUT_RETURN_TYPE = YES_ERROR;
				GCC_WARN_UNDECLARED_SELECTOR = YES;
				GCC_WARN_UNINITIALIZED_AUTOS = YES_AGGRESSIVE;
				GCC_WARN_UNUSED_FUNCTION = YES;
				GCC_WARN_UNUSED_VARIABLE = YES;
				IPHONEOS_DEPLOYMENT_TARGET = 11.2;
				MTL_ENABLE_DEBUG_INFO = NO;
				SDKROOT = iphoneos;
				SWIFT_OPTIMIZATION_LEVEL = "-Owholemodule";
				VALIDATE_PRODUCT = YES;
			};
			name = Release;
		};
		647CFC9020676CEE00EF1C8D /* Debug */ = {
			isa = XCBuildConfiguration;
			buildSettings = {
				ASSETCATALOG_COMPILER_APPICON_NAME = AppIcon;
				CODE_SIGN_STYLE = Automatic;
				DEVELOPMENT_TEAM = PCCZJUYRT6;
				INFOPLIST_FILE = StvProject20/Info.plist;
				LD_RUNPATH_SEARCH_PATHS = "$(inherited) @executable_path/Frameworks";
				PRODUCT_BUNDLE_IDENTIFIER = com.kazua.StvProject20;
				PRODUCT_NAME = "$(TARGET_NAME)";
				SWIFT_VERSION = 4.0;
				TARGETED_DEVICE_FAMILY = "1,2";
			};
			name = Debug;
		};
		647CFC9120676CEE00EF1C8D /* Release */ = {
			isa = XCBuildConfiguration;
			buildSettings = {
				ASSETCATALOG_COMPILER_APPICON_NAME = AppIcon;
				CODE_SIGN_STYLE = Automatic;
				DEVELOPMENT_TEAM = PCCZJUYRT6;
				INFOPLIST_FILE = StvProject20/Info.plist;
				LD_RUNPATH_SEARCH_PATHS = "$(inherited) @executable_path/Frameworks";
				PRODUCT_BUNDLE_IDENTIFIER = com.kazua.StvProject20;
				PRODUCT_NAME = "$(TARGET_NAME)";
				SWIFT_VERSION = 4.0;
				TARGETED_DEVICE_FAMILY = "1,2";
			};
			name = Release;
		};
/* End XCBuildConfiguration section */

/* Begin XCConfigurationList section */
		647CFC7820676CEE00EF1C8D /* Build configuration list for PBXProject "StvProject20" */ = {
			isa = XCConfigurationList;
			buildConfigurations = (
				647CFC8D20676CEE00EF1C8D /* Debug */,
				647CFC8E20676CEE00EF1C8D /* Release */,
			);
			defaultConfigurationIsVisible = 0;
			defaultConfigurationName = Release;
		};
		647CFC8F20676CEE00EF1C8D /* Build configuration list for PBXNativeTarget "StvProject20" */ = {
			isa = XCConfigurationList;
			buildConfigurations = (
				647CFC9020676CEE00EF1C8D /* Debug */,
				647CFC9120676CEE00EF1C8D /* Release */,
			);
			defaultConfigurationIsVisible = 0;
			defaultConfigurationName = Release;
		};
/* End XCConfigurationList section */
	};
	rootObject = 647CFC7520676CEE00EF1C8D /* Project object */;
}
