// !$*UTF8*$!
{
	archiveVersion = 1;
	classes = {
	};
	objectVersion = 48;
	objects = {

/* Begin PBXBuildFile section */
		642E8D59205A768A00BD1F87 /* AppDelegate.swift in Sources */ = {isa = PBXBuildFile; fileRef = 642E8D58205A768A00BD1F87 /* AppDelegate.swift */; };
		642E8D5B205A768A00BD1F87 /* ViewController.swift in Sources */ = {isa = PBXBuildFile; fileRef = 642E8D5A205A768A00BD1F87 /* ViewController.swift */; };
		642E8D5E205A768A00BD1F87 /* Main.storyboard in Resources */ = {isa = PBXBuildFile; fileRef = 642E8D5C205A768A00BD1F87 /* Main.storyboard */; };
		642E8D60205A768A00BD1F87 /* Assets.xcassets in Resources */ = {isa = PBXBuildFile; fileRef = 642E8D5F205A768A00BD1F87 /* Assets.xcassets */; };
		642E8D63205A768A00BD1F87 /* LaunchScreen.storyboard in Resources */ = {isa = PBXBuildFile; fileRef = 642E8D61205A768A00BD1F87 /* LaunchScreen.storyboard */; };
		642E8D6C205A76A900BD1F87 /* .swiftlint.yml in Resources */ = {isa = PBXBuildFile; fileRef = 642E8D6B205A76A900BD1F87 /* .swiftlint.yml */; };
/* End PBXBuildFile section */

/* Begin PBXFileReference section */
		642E8D55205A768A00BD1F87 /* StvProject3.app */ = {isa = PBXFileReference; explicitFileType = wrapper.application; includeInIndex = 0; path = StvProject3.app; sourceTree = BUILT_PRODUCTS_DIR; };
		642E8D58205A768A00BD1F87 /* AppDelegate.swift */ = {isa = PBXFileReference; lastKnownFileType = sourcecode.swift; path = AppDelegate.swift; sourceTree = "<group>"; };
		642E8D5A205A768A00BD1F87 /* ViewController.swift */ = {isa = PBXFileReference; lastKnownFileType = sourcecode.swift; path = ViewController.swift; sourceTree = "<group>"; };
		642E8D5D205A768A00BD1F87 /* Base */ = {isa = PBXFileReference; lastKnownFileType = file.storyboard; name = Base; path = Base.lproj/Main.storyboard; sourceTree = "<group>"; };
		642E8D5F205A768A00BD1F87 /* Assets.xcassets */ = {isa = PBXFileReference; lastKnownFileType = folder.assetcatalog; path = Assets.xcassets; sourceTree = "<group>"; };
		642E8D62205A768A00BD1F87 /* Base */ = {isa = PBXFileReference; lastKnownFileType = file.storyboard; name = Base; path = Base.lproj/LaunchScreen.storyboard; sourceTree = "<group>"; };
		642E8D64205A768A00BD1F87 /* Info.plist */ = {isa = PBXFileReference; lastKnownFileType = text.plist.xml; path = Info.plist; sourceTree = "<group>"; };
		642E8D6B205A76A900BD1F87 /* .swiftlint.yml */ = {isa = PBXFileReference; fileEncoding = 4; lastKnownFileType = text; path = .swiftlint.yml; sourceTree = "<group>"; };
/* End PBXFileReference section */

/* Begin PBXFrameworksBuildPhase section */
		642E8D52205A768A00BD1F87 /* Frameworks */ = {
			isa = PBXFrameworksBuildPhase;
			buildActionMask = 2147483647;
			files = (
			);
			runOnlyForDeploymentPostprocessing = 0;
		};
/* End PBXFrameworksBuildPhase section */

/* Begin PBXGroup section */
		642E8D4C205A768A00BD1F87 = {
			isa = PBXGroup;
			children = (
				642E8D6B205A76A900BD1F87 /* .swiftlint.yml */,
				642E8D57205A768A00BD1F87 /* StvProject3 */,
				642E8D56205A768A00BD1F87 /* Products */,
			);
			sourceTree = "<group>";
		};
		642E8D56205A768A00BD1F87 /* Products */ = {
			isa = PBXGroup;
			children = (
				642E8D55205A768A00BD1F87 /* StvProject3.app */,
			);
			name = Products;
			sourceTree = "<group>";
		};
		642E8D57205A768A00BD1F87 /* StvProject3 */ = {
			isa = PBXGroup;
			children = (
				642E8D58205A768A00BD1F87 /* AppDelegate.swift */,
				642E8D5A205A768A00BD1F87 /* ViewController.swift */,
				642E8D5C205A768A00BD1F87 /* Main.storyboard */,
				642E8D5F205A768A00BD1F87 /* Assets.xcassets */,
				642E8D61205A768A00BD1F87 /* LaunchScreen.storyboard */,
				642E8D64205A768A00BD1F87 /* Info.plist */,
			);
			path = StvProject3;
			sourceTree = "<group>";
		};
/* End PBXGroup section */

/* Begin PBXNativeTarget section */
		642E8D54205A768A00BD1F87 /* StvProject3 */ = {
			isa = PBXNativeTarget;
			buildConfigurationList = 642E8D67205A768A00BD1F87 /* Build configuration list for PBXNativeTarget "StvProject3" */;
			buildPhases = (
				642E8D51205A768A00BD1F87 /* Sources */,
				642E8D52205A768A00BD1F87 /* Frameworks */,
				642E8D53205A768A00BD1F87 /* Resources */,
				642E8D6A205A769D00BD1F87 /* ShellScript */,
			);
			buildRules = (
			);
			dependencies = (
			);
			name = StvProject3;
			productName = StvProject3;
			productReference = 642E8D55205A768A00BD1F87 /* StvProject3.app */;
			productType = "com.apple.product-type.application";
		};
/* End PBXNativeTarget section */

/* Begin PBXProject section */
		642E8D4D205A768A00BD1F87 /* Project object */ = {
			isa = PBXProject;
			attributes = {
				LastSwiftUpdateCheck = 0920;
				LastUpgradeCheck = 0920;
				ORGANIZATIONNAME = kazua;
				TargetAttributes = {
					642E8D54205A768A00BD1F87 = {
						CreatedOnToolsVersion = 9.2;
						ProvisioningStyle = Automatic;
					};
				};
			};
			buildConfigurationList = 642E8D50205A768A00BD1F87 /* Build configuration list for PBXProject "StvProject3" */;
			compatibilityVersion = "Xcode 8.0";
			developmentRegion = en;
			hasScannedForEncodings = 0;
			knownRegions = (
				en,
				Base,
			);
			mainGroup = 642E8D4C205A768A00BD1F87;
			productRefGroup = 642E8D56205A768A00BD1F87 /* Products */;
			projectDirPath = "";
			projectRoot = "";
			targets = (
				642E8D54205A768A00BD1F87 /* StvProject3 */,
			);
		};
/* End PBXProject section */

/* Begin PBXResourcesBuildPhase section */
		642E8D53205A768A00BD1F87 /* Resources */ = {
			isa = PBXResourcesBuildPhase;
			buildActionMask = 2147483647;
			files = (
				642E8D6C205A76A900BD1F87 /* .swiftlint.yml in Resources */,
				642E8D63205A768A00BD1F87 /* LaunchScreen.storyboard in Resources */,
				642E8D60205A768A00BD1F87 /* Assets.xcassets in Resources */,
				642E8D5E205A768A00BD1F87 /* Main.storyboard in Resources */,
			);
			runOnlyForDeploymentPostprocessing = 0;
		};
/* End PBXResourcesBuildPhase section */

/* Begin PBXShellScriptBuildPhase section */
		642E8D6A205A769D00BD1F87 /* ShellScript */ = {
			isa = PBXShellScriptBuildPhase;
			buildActionMask = 8;
			files = (
			);
			inputPaths = (
			);
			outputPaths = (
			);
			runOnlyForDeploymentPostprocessing = 1;
			shellPath = /bin/sh;
			shellScript = "if which swiftlint >/dev/null; then\nswiftlint\nelse\necho \"SwiftLint does not exist, download from https://github.com/realm/SwiftLint\"\nfi";
		};
/* End PBXShellScriptBuildPhase section */

/* Begin PBXSourcesBuildPhase section */
		642E8D51205A768A00BD1F87 /* Sources */ = {
			isa = PBXSourcesBuildPhase;
			buildActionMask = 2147483647;
			files = (
				642E8D5B205A768A00BD1F87 /* ViewController.swift in Sources */,
				642E8D59205A768A00BD1F87 /* AppDelegate.swift in Sources */,
			);
			runOnlyForDeploymentPostprocessing = 0;
		};
/* End PBXSourcesBuildPhase section */

/* Begin PBXVariantGroup section */
		642E8D5C205A768A00BD1F87 /* Main.storyboard */ = {
			isa = PBXVariantGroup;
			children = (
				642E8D5D205A768A00BD1F87 /* Base */,
			);
			name = Main.storyboard;
			sourceTree = "<group>";
		};
		642E8D61205A768A00BD1F87 /* LaunchScreen.storyboard */ = {
			isa = PBXVariantGroup;
			children = (
				642E8D62205A768A00BD1F87 /* Base */,
			);
			name = LaunchScreen.storyboard;
			sourceTree = "<group>";
		};
/* End PBXVariantGroup section */

/* Begin XCBuildConfiguration section */
		642E8D65205A768A00BD1F87 /* Debug */ = {
			isa = XCBuildConfiguration;
			buildSettings = {
				ALWAYS_SEARCH_USER_PATHS = NO;
				CLANG_ANALYZER_NONNULL = YES;
				CLANG_ANALYZER_NUMBER_OBJECT_CONVERSION = YES_AGGRESSIVE;
				CLANG_CXX_LANGUAGE_STANDARD = "gnu++14";
				CLANG_CXX_LIBRARY = "libc++";
				CLANG_ENABLE_MODULES = YES;
				CLANG_ENABLE_OBJC_ARC = YES;
				CLANG_WARN_BLOCK_CAPTURE_AUTORELEASING = YES;
				CLANG_WARN_BOOL_CONVERSION = YES;
				CLANG_WARN_COMMA = YES;
				CLANG_WARN_CONSTANT_CONVERSION = YES;
				CLANG_WARN_DIRECT_OBJC_ISA_USAGE = YES_ERROR;
				CLANG_WARN_DOCUMENTATION_COMMENTS = YES;
				CLANG_WARN_EMPTY_BODY = YES;
				CLANG_WARN_ENUM_CONVERSION = YES;
				CLANG_WARN_INFINITE_RECURSION = YES;
				CLANG_WARN_INT_CONVERSION = YES;
				CLANG_WARN_NON_LITERAL_NULL_CONVERSION = YES;
				CLANG_WARN_OBJC_LITERAL_CONVERSION = YES;
				CLANG_WARN_OBJC_ROOT_CLASS = YES_ERROR;
				CLANG_WARN_RANGE_LOOP_ANALYSIS = YES;
				CLANG_WARN_STRICT_PROTOTYPES = YES;
				CLANG_WARN_SUSPICIOUS_MOVE = YES;
				CLANG_WARN_UNGUARDED_AVAILABILITY = YES_AGGRESSIVE;
				CLANG_WARN_UNREACHABLE_CODE = YES;
				CLANG_WARN__DUPLICATE_METHOD_MATCH = YES;
				CODE_SIGN_IDENTITY = "iPhone Developer";
				COPY_PHASE_STRIP = NO;
				DEBUG_INFORMATION_FORMAT = dwarf;
				ENABLE_STRICT_OBJC_MSGSEND = YES;
				ENABLE_TESTABILITY = YES;
				GCC_C_LANGUAGE_STANDARD = gnu11;
				GCC_DYNAMIC_NO_PIC = NO;
				GCC_NO_COMMON_BLOCKS = YES;
				GCC_OPTIMIZATION_LEVEL = 0;
				GCC_PREPROCESSOR_DEFINITIONS = (
					"DEBUG=1",
					"$(inherited)",
				);
				GCC_WARN_64_TO_32_BIT_CONVERSION = YES;
				GCC_WARN_ABOUT_RETURN_TYPE = YES_ERROR;
				GCC_WARN_UNDECLARED_SELECTOR = YES;
				GCC_WARN_UNINITIALIZED_AUTOS = YES_AGGRESSIVE;
				GCC_WARN_UNUSED_FUNCTION = YES;
				GCC_WARN_UNUSED_VARIABLE = YES;
				IPHONEOS_DEPLOYMENT_TARGET = 11.2;
				MTL_ENABLE_DEBUG_INFO = YES;
				ONLY_ACTIVE_ARCH = YES;
				SDKROOT = iphoneos;
				SWIFT_ACTIVE_COMPILATION_CONDITIONS = DEBUG;
				SWIFT_OPTIMIZATION_LEVEL = "-Onone";
			};
			name = Debug;
		};
		642E8D66205A768A00BD1F87 /* Release */ = {
			isa = XCBuildConfiguration;
			buildSettings = {
				ALWAYS_SEARCH_USER_PATHS = NO;
				CLANG_ANALYZER_NONNULL = YES;
				CLANG_ANALYZER_NUMBER_OBJECT_CONVERSION = YES_AGGRESSIVE;
				CLANG_CXX_LANGUAGE_STANDARD = "gnu++14";
				CLANG_CXX_LIBRARY = "libc++";
				CLANG_ENABLE_MODULES = YES;
				CLANG_ENABLE_OBJC_ARC = YES;
				CLANG_WARN_BLOCK_CAPTURE_AUTORELEASING = YES;
				CLANG_WARN_BOOL_CONVERSION = YES;
				CLANG_WARN_COMMA = YES;
				CLANG_WARN_CONSTANT_CONVERSION = YES;
				CLANG_WARN_DIRECT_OBJC_ISA_USAGE = YES_ERROR;
				CLANG_WARN_DOCUMENTATION_COMMENTS = YES;
				CLANG_WARN_EMPTY_BODY = YES;
				CLANG_WARN_ENUM_CONVERSION = YES;
				CLANG_WARN_INFINITE_RECURSION = YES;
				CLANG_WARN_INT_CONVERSION = YES;
				CLANG_WARN_NON_LITERAL_NULL_CONVERSION = YES;
				CLANG_WARN_OBJC_LITERAL_CONVERSION = YES;
				CLANG_WARN_OBJC_ROOT_CLASS = YES_ERROR;
				CLANG_WARN_RANGE_LOOP_ANALYSIS = YES;
				CLANG_WARN_STRICT_PROTOTYPES = YES;
				CLANG_WARN_SUSPICIOUS_MOVE = YES;
				CLANG_WARN_UNGUARDED_AVAILABILITY = YES_AGGRESSIVE;
				CLANG_WARN_UNREACHABLE_CODE = YES;
				CLANG_WARN__DUPLICATE_METHOD_MATCH = YES;
				CODE_SIGN_IDENTITY = "iPhone Developer";
				COPY_PHASE_STRIP = NO;
				DEBUG_INFORMATION_FORMAT = "dwarf-with-dsym";
				ENABLE_NS_ASSERTIONS = NO;
				ENABLE_STRICT_OBJC_MSGSEND = YES;
				GCC_C_LANGUAGE_STANDARD = gnu11;
				GCC_NO_COMMON_BLOCKS = YES;
				GCC_WARN_64_TO_32_BIT_CONVERSION = YES;
				GCC_WARN_ABOUT_RETURN_TYPE = YES_ERROR;
				GCC_WARN_UNDECLARED_SELECTOR = YES;
				GCC_WARN_UNINITIALIZED_AUTOS = YES_AGGRESSIVE;
				GCC_WARN_UNUSED_FUNCTION = YES;
				GCC_WARN_UNUSED_VARIABLE = YES;
				IPHONEOS_DEPLOYMENT_TARGET = 11.2;
				MTL_ENABLE_DEBUG_INFO = NO;
				SDKROOT = iphoneos;
				SWIFT_OPTIMIZATION_LEVEL = "-Owholemodule";
				VALIDATE_PRODUCT = YES;
			};
			name = Release;
		};
		642E8D68205A768A00BD1F87 /* Debug */ = {
			isa = XCBuildConfiguration;
			buildSettings = {
				ASSETCATALOG_COMPILER_APPICON_NAME = AppIcon;
				CODE_SIGN_STYLE = Automatic;
				DEVELOPMENT_TEAM = PCCZJUYRT6;
				INFOPLIST_FILE = StvProject3/Info.plist;
				LD_RUNPATH_SEARCH_PATHS = "$(inherited) @executable_path/Frameworks";
				PRODUCT_BUNDLE_IDENTIFIER = com.kazua.StvProject3;
				PRODUCT_NAME = "$(TARGET_NAME)";
				SWIFT_VERSION = 4.0;
				TARGETED_DEVICE_FAMILY = "1,2";
			};
			name = Debug;
		};
		642E8D69205A768A00BD1F87 /* Release */ = {
			isa = XCBuildConfiguration;
			buildSettings = {
				ASSETCATALOG_COMPILER_APPICON_NAME = AppIcon;
				CODE_SIGN_STYLE = Automatic;
				DEVELOPMENT_TEAM = PCCZJUYRT6;
				INFOPLIST_FILE = StvProject3/Info.plist;
				LD_RUNPATH_SEARCH_PATHS = "$(inherited) @executable_path/Frameworks";
				PRODUCT_BUNDLE_IDENTIFIER = com.kazua.StvProject3;
				PRODUCT_NAME = "$(TARGET_NAME)";
				SWIFT_VERSION = 4.0;
				TARGETED_DEVICE_FAMILY = "1,2";
			};
			name = Release;
		};
/* End XCBuildConfiguration section */

/* Begin XCConfigurationList section */
		642E8D50205A768A00BD1F87 /* Build configuration list for PBXProject "StvProject3" */ = {
			isa = XCConfigurationList;
			buildConfigurations = (
				642E8D65205A768A00BD1F87 /* Debug */,
				642E8D66205A768A00BD1F87 /* Release */,
			);
			defaultConfigurationIsVisible = 0;
			defaultConfigurationName = Release;
		};
		642E8D67205A768A00BD1F87 /* Build configuration list for PBXNativeTarget "StvProject3" */ = {
			isa = XCConfigurationList;
			buildConfigurations = (
				642E8D68205A768A00BD1F87 /* Debug */,
				642E8D69205A768A00BD1F87 /* Release */,
			);
			defaultConfigurationIsVisible = 0;
			defaultConfigurationName = Release;
		};
/* End XCConfigurationList section */
	};
	rootObject = 642E8D4D205A768A00BD1F87 /* Project object */;
}
