// !$*UTF8*$!
{
	archiveVersion = 1;
	classes = {
	};
	objectVersion = 48;
	objects = {

/* Begin PBXBuildFile section */
		64C2372E20649D9400BCB3D1 /* AppDelegate.swift in Sources */ = {isa = PBXBuildFile; fileRef = 64C2372D20649D9400BCB3D1 /* AppDelegate.swift */; };
		64C2373020649D9400BCB3D1 /* ViewController.swift in Sources */ = {isa = PBXBuildFile; fileRef = 64C2372F20649D9400BCB3D1 /* ViewController.swift */; };
		64C2373320649D9400BCB3D1 /* Main.storyboard in Resources */ = {isa = PBXBuildFile; fileRef = 64C2373120649D9400BCB3D1 /* Main.storyboard */; };
		64C2373520649D9400BCB3D1 /* Assets.xcassets in Resources */ = {isa = PBXBuildFile; fileRef = 64C2373420649D9400BCB3D1 /* Assets.xcassets */; };
		64C2373820649D9400BCB3D1 /* LaunchScreen.storyboard in Resources */ = {isa = PBXBuildFile; fileRef = 64C2373620649D9400BCB3D1 /* LaunchScreen.storyboard */; };
		64C2374120649DBD00BCB3D1 /* .swiftlint.yml in Resources */ = {isa = PBXBuildFile; fileRef = 64C2374020649DBD00BCB3D1 /* .swiftlint.yml */; };
		64C2374320649E5C00BCB3D1 /* SampleTableViewCell.swift in Sources */ = {isa = PBXBuildFile; fileRef = 64C2374220649E5C00BCB3D1 /* SampleTableViewCell.swift */; };
		64C237452064A0DF00BCB3D1 /* List.plist in Resources */ = {isa = PBXBuildFile; fileRef = 64C237442064A0DF00BCB3D1 /* List.plist */; };
/* End PBXBuildFile section */

/* Begin PBXFileReference section */
		64C2372A20649D9400BCB3D1 /* StvProject16.app */ = {isa = PBXFileReference; explicitFileType = wrapper.application; includeInIndex = 0; path = StvProject16.app; sourceTree = BUILT_PRODUCTS_DIR; };
		64C2372D20649D9400BCB3D1 /* AppDelegate.swift */ = {isa = PBXFileReference; lastKnownFileType = sourcecode.swift; path = AppDelegate.swift; sourceTree = "<group>"; };
		64C2372F20649D9400BCB3D1 /* ViewController.swift */ = {isa = PBXFileReference; lastKnownFileType = sourcecode.swift; path = ViewController.swift; sourceTree = "<group>"; };
		64C2373220649D9400BCB3D1 /* Base */ = {isa = PBXFileReference; lastKnownFileType = file.storyboard; name = Base; path = Base.lproj/Main.storyboard; sourceTree = "<group>"; };
		64C2373420649D9400BCB3D1 /* Assets.xcassets */ = {isa = PBXFileReference; lastKnownFileType = folder.assetcatalog; path = Assets.xcassets; sourceTree = "<group>"; };
		64C2373720649D9400BCB3D1 /* Base */ = {isa = PBXFileReference; lastKnownFileType = file.storyboard; name = Base; path = Base.lproj/LaunchScreen.storyboard; sourceTree = "<group>"; };
		64C2373920649D9400BCB3D1 /* Info.plist */ = {isa = PBXFileReference; lastKnownFileType = text.plist.xml; path = Info.plist; sourceTree = "<group>"; };
		64C2374020649DBD00BCB3D1 /* .swiftlint.yml */ = {isa = PBXFileReference; fileEncoding = 4; lastKnownFileType = text; path = .swiftlint.yml; sourceTree = "<group>"; };
		64C2374220649E5C00BCB3D1 /* SampleTableViewCell.swift */ = {isa = PBXFileReference; lastKnownFileType = sourcecode.swift; path = SampleTableViewCell.swift; sourceTree = "<group>"; };
		64C237442064A0DF00BCB3D1 /* List.plist */ = {isa = PBXFileReference; lastKnownFileType = text.plist.xml; path = List.plist; sourceTree = "<group>"; };
/* End PBXFileReference section */

/* Begin PBXFrameworksBuildPhase section */
		64C2372720649D9400BCB3D1 /* Frameworks */ = {
			isa = PBXFrameworksBuildPhase;
			buildActionMask = 2147483647;
			files = (
			);
			runOnlyForDeploymentPostprocessing = 0;
		};
/* End PBXFrameworksBuildPhase section */

/* Begin PBXGroup section */
		64C2372120649D9400BCB3D1 = {
			isa = PBXGroup;
			children = (
				64C2374020649DBD00BCB3D1 /* .swiftlint.yml */,
				64C2372C20649D9400BCB3D1 /* StvProject16 */,
				64C2372B20649D9400BCB3D1 /* Products */,
			);
			sourceTree = "<group>";
		};
		64C2372B20649D9400BCB3D1 /* Products */ = {
			isa = PBXGroup;
			children = (
				64C2372A20649D9400BCB3D1 /* StvProject16.app */,
			);
			name = Products;
			sourceTree = "<group>";
		};
		64C2372C20649D9400BCB3D1 /* StvProject16 */ = {
			isa = PBXGroup;
			children = (
				64C2372D20649D9400BCB3D1 /* AppDelegate.swift */,
				64C2372F20649D9400BCB3D1 /* ViewController.swift */,
				64C2374220649E5C00BCB3D1 /* SampleTableViewCell.swift */,
				64C2373120649D9400BCB3D1 /* Main.storyboard */,
				64C2373420649D9400BCB3D1 /* Assets.xcassets */,
				64C2373620649D9400BCB3D1 /* LaunchScreen.storyboard */,
				64C2373920649D9400BCB3D1 /* Info.plist */,
				64C237442064A0DF00BCB3D1 /* List.plist */,
			);
			path = StvProject16;
			sourceTree = "<group>";
		};
/* End PBXGroup section */

/* Begin PBXNativeTarget section */
		64C2372920649D9400BCB3D1 /* StvProject16 */ = {
			isa = PBXNativeTarget;
			buildConfigurationList = 64C2373C20649D9400BCB3D1 /* Build configuration list for PBXNativeTarget "StvProject16" */;
			buildPhases = (
				64C2372620649D9400BCB3D1 /* Sources */,
				64C2372720649D9400BCB3D1 /* Frameworks */,
				64C2372820649D9400BCB3D1 /* Resources */,
				64C2373F20649DA100BCB3D1 /* ShellScript */,
			);
			buildRules = (
			);
			dependencies = (
			);
			name = StvProject16;
			productName = StvProject16;
			productReference = 64C2372A20649D9400BCB3D1 /* StvProject16.app */;
			productType = "com.apple.product-type.application";
		};
/* End PBXNativeTarget section */

/* Begin PBXProject section */
		64C2372220649D9400BCB3D1 /* Project object */ = {
			isa = PBXProject;
			attributes = {
				LastSwiftUpdateCheck = 0920;
				LastUpgradeCheck = 0920;
				ORGANIZATIONNAME = kazua;
				TargetAttributes = {
					64C2372920649D9400BCB3D1 = {
						CreatedOnToolsVersion = 9.2;
						ProvisioningStyle = Automatic;
					};
				};
			};
			buildConfigurationList = 64C2372520649D9400BCB3D1 /* Build configuration list for PBXProject "StvProject16" */;
			compatibilityVersion = "Xcode 8.0";
			developmentRegion = en;
			hasScannedForEncodings = 0;
			knownRegions = (
				en,
				Base,
			);
			mainGroup = 64C2372120649D9400BCB3D1;
			productRefGroup = 64C2372B20649D9400BCB3D1 /* Products */;
			projectDirPath = "";
			projectRoot = "";
			targets = (
				64C2372920649D9400BCB3D1 /* StvProject16 */,
			);
		};
/* End PBXProject section */

/* Begin PBXResourcesBuildPhase section */
		64C2372820649D9400BCB3D1 /* Resources */ = {
			isa = PBXResourcesBuildPhase;
			buildActionMask = 2147483647;
			files = (
				64C2374120649DBD00BCB3D1 /* .swiftlint.yml in Resources */,
				64C2373820649D9400BCB3D1 /* LaunchScreen.storyboard in Resources */,
				64C2373520649D9400BCB3D1 /* Assets.xcassets in Resources */,
				64C237452064A0DF00BCB3D1 /* List.plist in Resources */,
				64C2373320649D9400BCB3D1 /* Main.storyboard in Resources */,
			);
			runOnlyForDeploymentPostprocessing = 0;
		};
/* End PBXResourcesBuildPhase section */

/* Begin PBXShellScriptBuildPhase section */
		64C2373F20649DA100BCB3D1 /* ShellScript */ = {
			isa = PBXShellScriptBuildPhase;
			buildActionMask = 2147483647;
			files = (
			);
			inputPaths = (
			);
			outputPaths = (
			);
			runOnlyForDeploymentPostprocessing = 0;
			shellPath = /bin/sh;
			shellScript = "if which swiftlint >/dev/null; then\nswiftlint\nelse\necho \"SwiftLint does not exist, download from https://github.com/realm/SwiftLint\"\nfi";
		};
/* End PBXShellScriptBuildPhase section */

/* Begin PBXSourcesBuildPhase section */
		64C2372620649D9400BCB3D1 /* Sources */ = {
			isa = PBXSourcesBuildPhase;
			buildActionMask = 2147483647;
			files = (
				64C2373020649D9400BCB3D1 /* ViewController.swift in Sources */,
				64C2374320649E5C00BCB3D1 /* SampleTableViewCell.swift in Sources */,
				64C2372E20649D9400BCB3D1 /* AppDelegate.swift in Sources */,
			);
			runOnlyForDeploymentPostprocessing = 0;
		};
/* End PBXSourcesBuildPhase section */

/* Begin PBXVariantGroup section */
		64C2373120649D9400BCB3D1 /* Main.storyboard */ = {
			isa = PBXVariantGroup;
			children = (
				64C2373220649D9400BCB3D1 /* Base */,
			);
			name = Main.storyboard;
			sourceTree = "<group>";
		};
		64C2373620649D9400BCB3D1 /* LaunchScreen.storyboard */ = {
			isa = PBXVariantGroup;
			children = (
				64C2373720649D9400BCB3D1 /* Base */,
			);
			name = LaunchScreen.storyboard;
			sourceTree = "<group>";
		};
/* End PBXVariantGroup section */

/* Begin XCBuildConfiguration section */
		64C2373A20649D9400BCB3D1 /* Debug */ = {
			isa = XCBuildConfiguration;
			buildSettings = {
				ALWAYS_SEARCH_USER_PATHS = NO;
				CLANG_ANALYZER_NONNULL = YES;
				CLANG_ANALYZER_NUMBER_OBJECT_CONVERSION = YES_AGGRESSIVE;
				CLANG_CXX_LANGUAGE_STANDARD = "gnu++14";
				CLANG_CXX_LIBRARY = "libc++";
				CLANG_ENABLE_MODULES = YES;
				CLANG_ENABLE_OBJC_ARC = YES;
				CLANG_WARN_BLOCK_CAPTURE_AUTORELEASING = YES;
				CLANG_WARN_BOOL_CONVERSION = YES;
				CLANG_WARN_COMMA = YES;
				CLANG_WARN_CONSTANT_CONVERSION = YES;
				CLANG_WARN_DIRECT_OBJC_ISA_USAGE = YES_ERROR;
				CLANG_WARN_DOCUMENTATION_COMMENTS = YES;
				CLANG_WARN_EMPTY_BODY = YES;
				CLANG_WARN_ENUM_CONVERSION = YES;
				CLANG_WARN_INFINITE_RECURSION = YES;
				CLANG_WARN_INT_CONVERSION = YES;
				CLANG_WARN_NON_LITERAL_NULL_CONVERSION = YES;
				CLANG_WARN_OBJC_LITERAL_CONVERSION = YES;
				CLANG_WARN_OBJC_ROOT_CLASS = YES_ERROR;
				CLANG_WARN_RANGE_LOOP_ANALYSIS = YES;
				CLANG_WARN_STRICT_PROTOTYPES = YES;
				CLANG_WARN_SUSPICIOUS_MOVE = YES;
				CLANG_WARN_UNGUARDED_AVAILABILITY = YES_AGGRESSIVE;
				CLANG_WARN_UNREACHABLE_CODE = YES;
				CLANG_WARN__DUPLICATE_METHOD_MATCH = YES;
				CODE_SIGN_IDENTITY = "iPhone Developer";
				COPY_PHASE_STRIP = NO;
				DEBUG_INFORMATION_FORMAT = dwarf;
				ENABLE_STRICT_OBJC_MSGSEND = YES;
				ENABLE_TESTABILITY = YES;
				GCC_C_LANGUAGE_STANDARD = gnu11;
				GCC_DYNAMIC_NO_PIC = NO;
				GCC_NO_COMMON_BLOCKS = YES;
				GCC_OPTIMIZATION_LEVEL = 0;
				GCC_PREPROCESSOR_DEFINITIONS = (
					"DEBUG=1",
					"$(inherited)",
				);
				GCC_WARN_64_TO_32_BIT_CONVERSION = YES;
				GCC_WARN_ABOUT_RETURN_TYPE = YES_ERROR;
				GCC_WARN_UNDECLARED_SELECTOR = YES;
				GCC_WARN_UNINITIALIZED_AUTOS = YES_AGGRESSIVE;
				GCC_WARN_UNUSED_FUNCTION = YES;
				GCC_WARN_UNUSED_VARIABLE = YES;
				IPHONEOS_DEPLOYMENT_TARGET = 11.2;
				MTL_ENABLE_DEBUG_INFO = YES;
				ONLY_ACTIVE_ARCH = YES;
				SDKROOT = iphoneos;
				SWIFT_ACTIVE_COMPILATION_CONDITIONS = DEBUG;
				SWIFT_OPTIMIZATION_LEVEL = "-Onone";
			};
			name = Debug;
		};
		64C2373B20649D9400BCB3D1 /* Release */ = {
			isa = XCBuildConfiguration;
			buildSettings = {
				ALWAYS_SEARCH_USER_PATHS = NO;
				CLANG_ANALYZER_NONNULL = YES;
				CLANG_ANALYZER_NUMBER_OBJECT_CONVERSION = YES_AGGRESSIVE;
				CLANG_CXX_LANGUAGE_STANDARD = "gnu++14";
				CLANG_CXX_LIBRARY = "libc++";
				CLANG_ENABLE_MODULES = YES;
				CLANG_ENABLE_OBJC_ARC = YES;
				CLANG_WARN_BLOCK_CAPTURE_AUTORELEASING = YES;
				CLANG_WARN_BOOL_CONVERSION = YES;
				CLANG_WARN_COMMA = YES;
				CLANG_WARN_CONSTANT_CONVERSION = YES;
				CLANG_WARN_DIRECT_OBJC_ISA_USAGE = YES_ERROR;
				CLANG_WARN_DOCUMENTATION_COMMENTS = YES;
				CLANG_WARN_EMPTY_BODY = YES;
				CLANG_WARN_ENUM_CONVERSION = YES;
				CLANG_WARN_INFINITE_RECURSION = YES;
				CLANG_WARN_INT_CONVERSION = YES;
				CLANG_WARN_NON_LITERAL_NULL_CONVERSION = YES;
				CLANG_WARN_OBJC_LITERAL_CONVERSION = YES;
				CLANG_WARN_OBJC_ROOT_CLASS = YES_ERROR;
				CLANG_WARN_RANGE_LOOP_ANALYSIS = YES;
				CLANG_WARN_STRICT_PROTOTYPES = YES;
				CLANG_WARN_SUSPICIOUS_MOVE = YES;
				CLANG_WARN_UNGUARDED_AVAILABILITY = YES_AGGRESSIVE;
				CLANG_WARN_UNREACHABLE_CODE = YES;
				CLANG_WARN__DUPLICATE_METHOD_MATCH = YES;
				CODE_SIGN_IDENTITY = "iPhone Developer";
				COPY_PHASE_STRIP = NO;
				DEBUG_INFORMATION_FORMAT = "dwarf-with-dsym";
				ENABLE_NS_ASSERTIONS = NO;
				ENABLE_STRICT_OBJC_MSGSEND = YES;
				GCC_C_LANGUAGE_STANDARD = gnu11;
				GCC_NO_COMMON_BLOCKS = YES;
				GCC_WARN_64_TO_32_BIT_CONVERSION = YES;
				GCC_WARN_ABOUT_RETURN_TYPE = YES_ERROR;
				GCC_WARN_UNDECLARED_SELECTOR = YES;
				GCC_WARN_UNINITIALIZED_AUTOS = YES_AGGRESSIVE;
				GCC_WARN_UNUSED_FUNCTION = YES;
				GCC_WARN_UNUSED_VARIABLE = YES;
				IPHONEOS_DEPLOYMENT_TARGET = 11.2;
				MTL_ENABLE_DEBUG_INFO = NO;
				SDKROOT = iphoneos;
				SWIFT_OPTIMIZATION_LEVEL = "-Owholemodule";
				VALIDATE_PRODUCT = YES;
			};
			name = Release;
		};
		64C2373D20649D9400BCB3D1 /* Debug */ = {
			isa = XCBuildConfiguration;
			buildSettings = {
				ASSETCATALOG_COMPILER_APPICON_NAME = AppIcon;
				CODE_SIGN_STYLE = Automatic;
				DEVELOPMENT_TEAM = PCCZJUYRT6;
				INFOPLIST_FILE = StvProject16/Info.plist;
				LD_RUNPATH_SEARCH_PATHS = "$(inherited) @executable_path/Frameworks";
				PRODUCT_BUNDLE_IDENTIFIER = com.kazua.StvProject16;
				PRODUCT_NAME = "$(TARGET_NAME)";
				SWIFT_VERSION = 4.0;
				TARGETED_DEVICE_FAMILY = "1,2";
			};
			name = Debug;
		};
		64C2373E20649D9400BCB3D1 /* Release */ = {
			isa = XCBuildConfiguration;
			buildSettings = {
				ASSETCATALOG_COMPILER_APPICON_NAME = AppIcon;
				CODE_SIGN_STYLE = Automatic;
				DEVELOPMENT_TEAM = PCCZJUYRT6;
				INFOPLIST_FILE = StvProject16/Info.plist;
				LD_RUNPATH_SEARCH_PATHS = "$(inherited) @executable_path/Frameworks";
				PRODUCT_BUNDLE_IDENTIFIER = com.kazua.StvProject16;
				PRODUCT_NAME = "$(TARGET_NAME)";
				SWIFT_VERSION = 4.0;
				TARGETED_DEVICE_FAMILY = "1,2";
			};
			name = Release;
		};
/* End XCBuildConfiguration section */

/* Begin XCConfigurationList section */
		64C2372520649D9400BCB3D1 /* Build configuration list for PBXProject "StvProject16" */ = {
			isa = XCConfigurationList;
			buildConfigurations = (
				64C2373A20649D9400BCB3D1 /* Debug */,
				64C2373B20649D9400BCB3D1 /* Release */,
			);
			defaultConfigurationIsVisible = 0;
			defaultConfigurationName = Release;
		};
		64C2373C20649D9400BCB3D1 /* Build configuration list for PBXNativeTarget "StvProject16" */ = {
			isa = XCConfigurationList;
			buildConfigurations = (
				64C2373D20649D9400BCB3D1 /* Debug */,
				64C2373E20649D9400BCB3D1 /* Release */,
			);
			defaultConfigurationIsVisible = 0;
			defaultConfigurationName = Release;
		};
/* End XCConfigurationList section */
	};
	rootObject = 64C2372220649D9400BCB3D1 /* Project object */;
}
