// !$*UTF8*$!
{
	archiveVersion = 1;
	classes = {
	};
	objectVersion = 48;
	objects = {

/* Begin PBXBuildFile section */
		642E8D1C205A6A6C00BD1F87 /* AppDelegate.swift in Sources */ = {isa = PBXBuildFile; fileRef = 642E8D1B205A6A6C00BD1F87 /* AppDelegate.swift */; };
		642E8D1E205A6A6C00BD1F87 /* ViewController.swift in Sources */ = {isa = PBXBuildFile; fileRef = 642E8D1D205A6A6C00BD1F87 /* ViewController.swift */; };
		642E8D21205A6A6C00BD1F87 /* Main.storyboard in Resources */ = {isa = PBXBuildFile; fileRef = 642E8D1F205A6A6C00BD1F87 /* Main.storyboard */; };
		642E8D23205A6A6C00BD1F87 /* Assets.xcassets in Resources */ = {isa = PBXBuildFile; fileRef = 642E8D22205A6A6C00BD1F87 /* Assets.xcassets */; };
		642E8D26205A6A6C00BD1F87 /* LaunchScreen.storyboard in Resources */ = {isa = PBXBuildFile; fileRef = 642E8D24205A6A6C00BD1F87 /* LaunchScreen.storyboard */; };
		642E8D31205A6A6C00BD1F87 /* StvProject2Tests.swift in Sources */ = {isa = PBXBuildFile; fileRef = 642E8D30205A6A6C00BD1F87 /* StvProject2Tests.swift */; };
		642E8D3C205A6A6C00BD1F87 /* StvProject2UITests.swift in Sources */ = {isa = PBXBuildFile; fileRef = 642E8D3B205A6A6C00BD1F87 /* StvProject2UITests.swift */; };
		642E8D4A205A6A7A00BD1F87 /* .swiftlint.yml in Resources */ = {isa = PBXBuildFile; fileRef = 642E8D49205A6A7A00BD1F87 /* .swiftlint.yml */; };
/* End PBXBuildFile section */

/* Begin PBXContainerItemProxy section */
		642E8D2D205A6A6C00BD1F87 /* PBXContainerItemProxy */ = {
			isa = PBXContainerItemProxy;
			containerPortal = 642E8D10205A6A6C00BD1F87 /* Project object */;
			proxyType = 1;
			remoteGlobalIDString = 642E8D17205A6A6C00BD1F87;
			remoteInfo = StvProject2;
		};
		642E8D38205A6A6C00BD1F87 /* PBXContainerItemProxy */ = {
			isa = PBXContainerItemProxy;
			containerPortal = 642E8D10205A6A6C00BD1F87 /* Project object */;
			proxyType = 1;
			remoteGlobalIDString = 642E8D17205A6A6C00BD1F87;
			remoteInfo = StvProject2;
		};
/* End PBXContainerItemProxy section */

/* Begin PBXFileReference section */
		642E8D18205A6A6C00BD1F87 /* StvProject2.app */ = {isa = PBXFileReference; explicitFileType = wrapper.application; includeInIndex = 0; path = StvProject2.app; sourceTree = BUILT_PRODUCTS_DIR; };
		642E8D1B205A6A6C00BD1F87 /* AppDelegate.swift */ = {isa = PBXFileReference; lastKnownFileType = sourcecode.swift; path = AppDelegate.swift; sourceTree = "<group>"; };
		642E8D1D205A6A6C00BD1F87 /* ViewController.swift */ = {isa = PBXFileReference; lastKnownFileType = sourcecode.swift; path = ViewController.swift; sourceTree = "<group>"; };
		642E8D20205A6A6C00BD1F87 /* Base */ = {isa = PBXFileReference; lastKnownFileType = file.storyboard; name = Base; path = Base.lproj/Main.storyboard; sourceTree = "<group>"; };
		642E8D22205A6A6C00BD1F87 /* Assets.xcassets */ = {isa = PBXFileReference; lastKnownFileType = folder.assetcatalog; path = Assets.xcassets; sourceTree = "<group>"; };
		642E8D25205A6A6C00BD1F87 /* Base */ = {isa = PBXFileReference; lastKnownFileType = file.storyboard; name = Base; path = Base.lproj/LaunchScreen.storyboard; sourceTree = "<group>"; };
		642E8D27205A6A6C00BD1F87 /* Info.plist */ = {isa = PBXFileReference; lastKnownFileType = text.plist.xml; path = Info.plist; sourceTree = "<group>"; };
		642E8D2C205A6A6C00BD1F87 /* StvProject2Tests.xctest */ = {isa = PBXFileReference; explicitFileType = wrapper.cfbundle; includeInIndex = 0; path = StvProject2Tests.xctest; sourceTree = BUILT_PRODUCTS_DIR; };
		642E8D30205A6A6C00BD1F87 /* StvProject2Tests.swift */ = {isa = PBXFileReference; lastKnownFileType = sourcecode.swift; path = StvProject2Tests.swift; sourceTree = "<group>"; };
		642E8D32205A6A6C00BD1F87 /* Info.plist */ = {isa = PBXFileReference; lastKnownFileType = text.plist.xml; path = Info.plist; sourceTree = "<group>"; };
		642E8D37205A6A6C00BD1F87 /* StvProject2UITests.xctest */ = {isa = PBXFileReference; explicitFileType = wrapper.cfbundle; includeInIndex = 0; path = StvProject2UITests.xctest; sourceTree = BUILT_PRODUCTS_DIR; };
		642E8D3B205A6A6C00BD1F87 /* StvProject2UITests.swift */ = {isa = PBXFileReference; lastKnownFileType = sourcecode.swift; path = StvProject2UITests.swift; sourceTree = "<group>"; };
		642E8D3D205A6A6C00BD1F87 /* Info.plist */ = {isa = PBXFileReference; lastKnownFileType = text.plist.xml; path = Info.plist; sourceTree = "<group>"; };
		642E8D49205A6A7A00BD1F87 /* .swiftlint.yml */ = {isa = PBXFileReference; fileEncoding = 4; lastKnownFileType = text; path = .swiftlint.yml; sourceTree = "<group>"; };
/* End PBXFileReference section */

/* Begin PBXFrameworksBuildPhase section */
		642E8D15205A6A6C00BD1F87 /* Frameworks */ = {
			isa = PBXFrameworksBuildPhase;
			buildActionMask = 2147483647;
			files = (
			);
			runOnlyForDeploymentPostprocessing = 0;
		};
		642E8D29205A6A6C00BD1F87 /* Frameworks */ = {
			isa = PBXFrameworksBuildPhase;
			buildActionMask = 2147483647;
			files = (
			);
			runOnlyForDeploymentPostprocessing = 0;
		};
		642E8D34205A6A6C00BD1F87 /* Frameworks */ = {
			isa = PBXFrameworksBuildPhase;
			buildActionMask = 2147483647;
			files = (
			);
			runOnlyForDeploymentPostprocessing = 0;
		};
/* End PBXFrameworksBuildPhase section */

/* Begin PBXGroup section */
		642E8D0F205A6A6C00BD1F87 = {
			isa = PBXGroup;
			children = (
				642E8D49205A6A7A00BD1F87 /* .swiftlint.yml */,
				642E8D1A205A6A6C00BD1F87 /* StvProject2 */,
				642E8D2F205A6A6C00BD1F87 /* StvProject2Tests */,
				642E8D3A205A6A6C00BD1F87 /* StvProject2UITests */,
				642E8D19205A6A6C00BD1F87 /* Products */,
			);
			sourceTree = "<group>";
		};
		642E8D19205A6A6C00BD1F87 /* Products */ = {
			isa = PBXGroup;
			children = (
				642E8D18205A6A6C00BD1F87 /* StvProject2.app */,
				642E8D2C205A6A6C00BD1F87 /* StvProject2Tests.xctest */,
				642E8D37205A6A6C00BD1F87 /* StvProject2UITests.xctest */,
			);
			name = Products;
			sourceTree = "<group>";
		};
		642E8D1A205A6A6C00BD1F87 /* StvProject2 */ = {
			isa = PBXGroup;
			children = (
				642E8D1B205A6A6C00BD1F87 /* AppDelegate.swift */,
				642E8D1D205A6A6C00BD1F87 /* ViewController.swift */,
				642E8D1F205A6A6C00BD1F87 /* Main.storyboard */,
				642E8D22205A6A6C00BD1F87 /* Assets.xcassets */,
				642E8D24205A6A6C00BD1F87 /* LaunchScreen.storyboard */,
				642E8D27205A6A6C00BD1F87 /* Info.plist */,
			);
			path = StvProject2;
			sourceTree = "<group>";
		};
		642E8D2F205A6A6C00BD1F87 /* StvProject2Tests */ = {
			isa = PBXGroup;
			children = (
				642E8D30205A6A6C00BD1F87 /* StvProject2Tests.swift */,
				642E8D32205A6A6C00BD1F87 /* Info.plist */,
			);
			path = StvProject2Tests;
			sourceTree = "<group>";
		};
		642E8D3A205A6A6C00BD1F87 /* StvProject2UITests */ = {
			isa = PBXGroup;
			children = (
				642E8D3B205A6A6C00BD1F87 /* StvProject2UITests.swift */,
				642E8D3D205A6A6C00BD1F87 /* Info.plist */,
			);
			path = StvProject2UITests;
			sourceTree = "<group>";
		};
/* End PBXGroup section */

/* Begin PBXNativeTarget section */
		642E8D17205A6A6C00BD1F87 /* StvProject2 */ = {
			isa = PBXNativeTarget;
			buildConfigurationList = 642E8D40205A6A6C00BD1F87 /* Build configuration list for PBXNativeTarget "StvProject2" */;
			buildPhases = (
				642E8D14205A6A6C00BD1F87 /* Sources */,
				642E8D15205A6A6C00BD1F87 /* Frameworks */,
				642E8D16205A6A6C00BD1F87 /* Resources */,
				642E8D4B205A6AB600BD1F87 /* SwiftLint */,
			);
			buildRules = (
			);
			dependencies = (
			);
			name = StvProject2;
			productName = StvProject2;
			productReference = 642E8D18205A6A6C00BD1F87 /* StvProject2.app */;
			productType = "com.apple.product-type.application";
		};
		642E8D2B205A6A6C00BD1F87 /* StvProject2Tests */ = {
			isa = PBXNativeTarget;
			buildConfigurationList = 642E8D43205A6A6C00BD1F87 /* Build configuration list for PBXNativeTarget "StvProject2Tests" */;
			buildPhases = (
				642E8D28205A6A6C00BD1F87 /* Sources */,
				642E8D29205A6A6C00BD1F87 /* Frameworks */,
				642E8D2A205A6A6C00BD1F87 /* Resources */,
			);
			buildRules = (
			);
			dependencies = (
				642E8D2E205A6A6C00BD1F87 /* PBXTargetDependency */,
			);
			name = StvProject2Tests;
			productName = StvProject2Tests;
			productReference = 642E8D2C205A6A6C00BD1F87 /* StvProject2Tests.xctest */;
			productType = "com.apple.product-type.bundle.unit-test";
		};
		642E8D36205A6A6C00BD1F87 /* StvProject2UITests */ = {
			isa = PBXNativeTarget;
			buildConfigurationList = 642E8D46205A6A6C00BD1F87 /* Build configuration list for PBXNativeTarget "StvProject2UITests" */;
			buildPhases = (
				642E8D33205A6A6C00BD1F87 /* Sources */,
				642E8D34205A6A6C00BD1F87 /* Frameworks */,
				642E8D35205A6A6C00BD1F87 /* Resources */,
			);
			buildRules = (
			);
			dependencies = (
				642E8D39205A6A6C00BD1F87 /* PBXTargetDependency */,
			);
			name = StvProject2UITests;
			productName = StvProject2UITests;
			productReference = 642E8D37205A6A6C00BD1F87 /* StvProject2UITests.xctest */;
			productType = "com.apple.product-type.bundle.ui-testing";
		};
/* End PBXNativeTarget section */

/* Begin PBXProject section */
		642E8D10205A6A6C00BD1F87 /* Project object */ = {
			isa = PBXProject;
			attributes = {
				LastSwiftUpdateCheck = 0920;
				LastUpgradeCheck = 1120;
				ORGANIZATIONNAME = kazua;
				TargetAttributes = {
					642E8D17205A6A6C00BD1F87 = {
						CreatedOnToolsVersion = 9.2;
						LastSwiftMigration = 1120;
						ProvisioningStyle = Automatic;
					};
					642E8D2B205A6A6C00BD1F87 = {
						CreatedOnToolsVersion = 9.2;
						LastSwiftMigration = 1120;
						ProvisioningStyle = Automatic;
						TestTargetID = 642E8D17205A6A6C00BD1F87;
					};
					642E8D36205A6A6C00BD1F87 = {
						CreatedOnToolsVersion = 9.2;
						LastSwiftMigration = 1120;
						ProvisioningStyle = Automatic;
						TestTargetID = 642E8D17205A6A6C00BD1F87;
					};
				};
			};
			buildConfigurationList = 642E8D13205A6A6C00BD1F87 /* Build configuration list for PBXProject "StvProject2" */;
			compatibilityVersion = "Xcode 8.0";
			developmentRegion = en;
			hasScannedForEncodings = 0;
			knownRegions = (
				en,
				Base,
			);
			mainGroup = 642E8D0F205A6A6C00BD1F87;
			productRefGroup = 642E8D19205A6A6C00BD1F87 /* Products */;
			projectDirPath = "";
			projectRoot = "";
			targets = (
				642E8D17205A6A6C00BD1F87 /* StvProject2 */,
				642E8D2B205A6A6C00BD1F87 /* StvProject2Tests */,
				642E8D36205A6A6C00BD1F87 /* StvProject2UITests */,
			);
		};
/* End PBXProject section */

/* Begin PBXResourcesBuildPhase section */
		642E8D16205A6A6C00BD1F87 /* Resources */ = {
			isa = PBXResourcesBuildPhase;
			buildActionMask = 2147483647;
			files = (
				642E8D4A205A6A7A00BD1F87 /* .swiftlint.yml in Resources */,
				642E8D26205A6A6C00BD1F87 /* LaunchScreen.storyboard in Resources */,
				642E8D23205A6A6C00BD1F87 /* Assets.xcassets in Resources */,
				642E8D21205A6A6C00BD1F87 /* Main.storyboard in Resources */,
			);
			runOnlyForDeploymentPostprocessing = 0;
		};
		642E8D2A205A6A6C00BD1F87 /* Resources */ = {
			isa = PBXResourcesBuildPhase;
			buildActionMask = 2147483647;
			files = (
			);
			runOnlyForDeploymentPostprocessing = 0;
		};
		642E8D35205A6A6C00BD1F87 /* Resources */ = {
			isa = PBXResourcesBuildPhase;
			buildActionMask = 2147483647;
			files = (
			);
			runOnlyForDeploymentPostprocessing = 0;
		};
/* End PBXResourcesBuildPhase section */

/* Begin PBXShellScriptBuildPhase section */
		642E8D4B205A6AB600BD1F87 /* SwiftLint */ = {
			isa = PBXShellScriptBuildPhase;
			buildActionMask = 12;
			files = (
			);
			inputPaths = (
			);
			name = SwiftLint;
			outputPaths = (
			);
			runOnlyForDeploymentPostprocessing = 0;
			shellPath = /bin/sh;
			shellScript = "if which swiftlint >/dev/null; then\nswiftlint\nelse\necho \"SwiftLint does not exist, download from https://github.com/realm/SwiftLint\"\nfi\n";
		};
/* End PBXShellScriptBuildPhase section */

/* Begin PBXSourcesBuildPhase section */
		642E8D14205A6A6C00BD1F87 /* Sources */ = {
			isa = PBXSourcesBuildPhase;
			buildActionMask = 2147483647;
			files = (
				642E8D1E205A6A6C00BD1F87 /* ViewController.swift in Sources */,
				642E8D1C205A6A6C00BD1F87 /* AppDelegate.swift in Sources */,
			);
			runOnlyForDeploymentPostprocessing = 0;
		};
		642E8D28205A6A6C00BD1F87 /* Sources */ = {
			isa = PBXSourcesBuildPhase;
			buildActionMask = 2147483647;
			files = (
				642E8D31205A6A6C00BD1F87 /* StvProject2Tests.swift in Sources */,
			);
			runOnlyForDeploymentPostprocessing = 0;
		};
		642E8D33205A6A6C00BD1F87 /* Sources */ = {
			isa = PBXSourcesBuildPhase;
			buildActionMask = 2147483647;
			files = (
				642E8D3C205A6A6C00BD1F87 /* StvProject2UITests.swift in Sources */,
			);
			runOnlyForDeploymentPostprocessing = 0;
		};
/* End PBXSourcesBuildPhase section */

/* Begin PBXTargetDependency section */
		642E8D2E205A6A6C00BD1F87 /* PBXTargetDependency */ = {
			isa = PBXTargetDependency;
			target = 642E8D17205A6A6C00BD1F87 /* StvProject2 */;
			targetProxy = 642E8D2D205A6A6C00BD1F87 /* PBXContainerItemProxy */;
		};
		642E8D39205A6A6C00BD1F87 /* PBXTargetDependency */ = {
			isa = PBXTargetDependency;
			target = 642E8D17205A6A6C00BD1F87 /* StvProject2 */;
			targetProxy = 642E8D38205A6A6C00BD1F87 /* PBXContainerItemProxy */;
		};
/* End PBXTargetDependency section */

/* Begin PBXVariantGroup section */
		642E8D1F205A6A6C00BD1F87 /* Main.storyboard */ = {
			isa = PBXVariantGroup;
			children = (
				642E8D20205A6A6C00BD1F87 /* Base */,
			);
			name = Main.storyboard;
			sourceTree = "<group>";
		};
		642E8D24205A6A6C00BD1F87 /* LaunchScreen.storyboard */ = {
			isa = PBXVariantGroup;
			children = (
				642E8D25205A6A6C00BD1F87 /* Base */,
			);
			name = LaunchScreen.storyboard;
			sourceTree = "<group>";
		};
/* End PBXVariantGroup section */

/* Begin XCBuildConfiguration section */
		642E8D3E205A6A6C00BD1F87 /* Debug */ = {
			isa = XCBuildConfiguration;
			buildSettings = {
				ALWAYS_SEARCH_USER_PATHS = NO;
				CLANG_ANALYZER_NONNULL = YES;
				CLANG_ANALYZER_NUMBER_OBJECT_CONVERSION = YES_AGGRESSIVE;
				CLANG_CXX_LANGUAGE_STANDARD = "gnu++14";
				CLANG_CXX_LIBRARY = "libc++";
				CLANG_ENABLE_MODULES = YES;
				CLANG_ENABLE_OBJC_ARC = YES;
				CLANG_WARN_BLOCK_CAPTURE_AUTORELEASING = YES;
				CLANG_WARN_BOOL_CONVERSION = YES;
				CLANG_WARN_COMMA = YES;
				CLANG_WARN_CONSTANT_CONVERSION = YES;
				CLANG_WARN_DEPRECATED_OBJC_IMPLEMENTATIONS = YES;
				CLANG_WARN_DIRECT_OBJC_ISA_USAGE = YES_ERROR;
				CLANG_WARN_DOCUMENTATION_COMMENTS = YES;
				CLANG_WARN_EMPTY_BODY = YES;
				CLANG_WARN_ENUM_CONVERSION = YES;
				CLANG_WARN_INFINITE_RECURSION = YES;
				CLANG_WARN_INT_CONVERSION = YES;
				CLANG_WARN_NON_LITERAL_NULL_CONVERSION = YES;
				CLANG_WARN_OBJC_IMPLICIT_RETAIN_SELF = YES;
				CLANG_WARN_OBJC_LITERAL_CONVERSION = YES;
				CLANG_WARN_OBJC_ROOT_CLASS = YES_ERROR;
				CLANG_WARN_RANGE_LOOP_ANALYSIS = YES;
				CLANG_WARN_STRICT_PROTOTYPES = YES;
				CLANG_WARN_SUSPICIOUS_MOVE = YES;
				CLANG_WARN_UNGUARDED_AVAILABILITY = YES_AGGRESSIVE;
				CLANG_WARN_UNREACHABLE_CODE = YES;
				CLANG_WARN__DUPLICATE_METHOD_MATCH = YES;
				CODE_SIGN_IDENTITY = "iPhone Developer";
				COPY_PHASE_STRIP = NO;
				DEBUG_INFORMATION_FORMAT = dwarf;
				ENABLE_STRICT_OBJC_MSGSEND = YES;
				ENABLE_TESTABILITY = YES;
				GCC_C_LANGUAGE_STANDARD = gnu11;
				GCC_DYNAMIC_NO_PIC = NO;
				GCC_NO_COMMON_BLOCKS = YES;
				GCC_OPTIMIZATION_LEVEL = 0;
				GCC_PREPROCESSOR_DEFINITIONS = (
					"DEBUG=1",
					"$(inherited)",
				);
				GCC_WARN_64_TO_32_BIT_CONVERSION = YES;
				GCC_WARN_ABOUT_RETURN_TYPE = YES_ERROR;
				GCC_WARN_UNDECLARED_SELECTOR = YES;
				GCC_WARN_UNINITIALIZED_AUTOS = YES_AGGRESSIVE;
				GCC_WARN_UNUSED_FUNCTION = YES;
				GCC_WARN_UNUSED_VARIABLE = YES;
				IPHONEOS_DEPLOYMENT_TARGET = 11.2;
				MTL_ENABLE_DEBUG_INFO = YES;
				ONLY_ACTIVE_ARCH = YES;
				SDKROOT = iphoneos;
				SWIFT_ACTIVE_COMPILATION_CONDITIONS = DEBUG;
				SWIFT_OPTIMIZATION_LEVEL = "-Onone";
			};
			name = Debug;
		};
		642E8D3F205A6A6C00BD1F87 /* Release */ = {
			isa = XCBuildConfiguration;
			buildSettings = {
				ALWAYS_SEARCH_USER_PATHS = NO;
				CLANG_ANALYZER_NONNULL = YES;
				CLANG_ANALYZER_NUMBER_OBJECT_CONVERSION = YES_AGGRESSIVE;
				CLANG_CXX_LANGUAGE_STANDARD = "gnu++14";
				CLANG_CXX_LIBRARY = "libc++";
				CLANG_ENABLE_MODULES = YES;
				CLANG_ENABLE_OBJC_ARC = YES;
				CLANG_WARN_BLOCK_CAPTURE_AUTORELEASING = YES;
				CLANG_WARN_BOOL_CONVERSION = YES;
				CLANG_WARN_COMMA = YES;
				CLANG_WARN_CONSTANT_CONVERSION = YES;
				CLANG_WARN_DEPRECATED_OBJC_IMPLEMENTATIONS = YES;
				CLANG_WARN_DIRECT_OBJC_ISA_USAGE = YES_ERROR;
				CLANG_WARN_DOCUMENTATION_COMMENTS = YES;
				CLANG_WARN_EMPTY_BODY = YES;
				CLANG_WARN_ENUM_CONVERSION = YES;
				CLANG_WARN_INFINITE_RECURSION = YES;
				CLANG_WARN_INT_CONVERSION = YES;
				CLANG_WARN_NON_LITERAL_NULL_CONVERSION = YES;
				CLANG_WARN_OBJC_IMPLICIT_RETAIN_SELF = YES;
				CLANG_WARN_OBJC_LITERAL_CONVERSION = YES;
				CLANG_WARN_OBJC_ROOT_CLASS = YES_ERROR;
				CLANG_WARN_RANGE_LOOP_ANALYSIS = YES;
				CLANG_WARN_STRICT_PROTOTYPES = YES;
				CLANG_WARN_SUSPICIOUS_MOVE = YES;
				CLANG_WARN_UNGUARDED_AVAILABILITY = YES_AGGRESSIVE;
				CLANG_WARN_UNREACHABLE_CODE = YES;
				CLANG_WARN__DUPLICATE_METHOD_MATCH = YES;
				CODE_SIGN_IDENTITY = "iPhone Developer";
				COPY_PHASE_STRIP = NO;
				DEBUG_INFORMATION_FORMAT = "dwarf-with-dsym";
				ENABLE_NS_ASSERTIONS = NO;
				ENABLE_STRICT_OBJC_MSGSEND = YES;
				GCC_C_LANGUAGE_STANDARD = gnu11;
				GCC_NO_COMMON_BLOCKS = YES;
				GCC_WARN_64_TO_32_BIT_CONVERSION = YES;
				GCC_WARN_ABOUT_RETURN_TYPE = YES_ERROR;
				GCC_WARN_UNDECLARED_SELECTOR = YES;
				GCC_WARN_UNINITIALIZED_AUTOS = YES_AGGRESSIVE;
				GCC_WARN_UNUSED_FUNCTION = YES;
				GCC_WARN_UNUSED_VARIABLE = YES;
				IPHONEOS_DEPLOYMENT_TARGET = 11.2;
				MTL_ENABLE_DEBUG_INFO = NO;
				SDKROOT = iphoneos;
				SWIFT_OPTIMIZATION_LEVEL = "-Owholemodule";
				VALIDATE_PRODUCT = YES;
			};
			name = Release;
		};
		642E8D41205A6A6C00BD1F87 /* Debug */ = {
			isa = XCBuildConfiguration;
			buildSettings = {
				ASSETCATALOG_COMPILER_APPICON_NAME = AppIcon;
				CODE_SIGN_STYLE = Automatic;
				DEVELOPMENT_TEAM = PCCZJUYRT6;
				INFOPLIST_FILE = StvProject2/Info.plist;
				LD_RUNPATH_SEARCH_PATHS = "$(inherited) @executable_path/Frameworks";
				PRODUCT_BUNDLE_IDENTIFIER = com.kazua.StvProject2;
				PRODUCT_NAME = "$(TARGET_NAME)";
				SWIFT_VERSION = 5.0;
				TARGETED_DEVICE_FAMILY = "1,2";
			};
			name = Debug;
		};
		642E8D42205A6A6C00BD1F87 /* Release */ = {
			isa = XCBuildConfiguration;
			buildSettings = {
				ASSETCATALOG_COMPILER_APPICON_NAME = AppIcon;
				CODE_SIGN_STYLE = Automatic;
				DEVELOPMENT_TEAM = PCCZJUYRT6;
				INFOPLIST_FILE = StvProject2/Info.plist;
				LD_RUNPATH_SEARCH_PATHS = "$(inherited) @executable_path/Frameworks";
				PRODUCT_BUNDLE_IDENTIFIER = com.kazua.StvProject2;
				PRODUCT_NAME = "$(TARGET_NAME)";
				SWIFT_VERSION = 5.0;
				TARGETED_DEVICE_FAMILY = "1,2";
			};
			name = Release;
		};
		642E8D44205A6A6C00BD1F87 /* Debug */ = {
			isa = XCBuildConfiguration;
			buildSettings = {
				ALWAYS_EMBED_SWIFT_STANDARD_LIBRARIES = YES;
				BUNDLE_LOADER = "$(TEST_HOST)";
				CODE_SIGN_STYLE = Automatic;
				DEVELOPMENT_TEAM = PCCZJUYRT6;
				INFOPLIST_FILE = StvProject2Tests/Info.plist;
				LD_RUNPATH_SEARCH_PATHS = "$(inherited) @executable_path/Frameworks @loader_path/Frameworks";
				PRODUCT_BUNDLE_IDENTIFIER = com.kazua.StvProject2Tests;
				PRODUCT_NAME = "$(TARGET_NAME)";
				SWIFT_VERSION = 5.0;
				TARGETED_DEVICE_FAMILY = "1,2";
				TEST_HOST = "$(BUILT_PRODUCTS_DIR)/StvProject2.app/StvProject2";
			};
			name = Debug;
		};
		642E8D45205A6A6C00BD1F87 /* Release */ = {
			isa = XCBuildConfiguration;
			buildSettings = {
				ALWAYS_EMBED_SWIFT_STANDARD_LIBRARIES = YES;
				BUNDLE_LOADER = "$(TEST_HOST)";
				CODE_SIGN_STYLE = Automatic;
				DEVELOPMENT_TEAM = PCCZJUYRT6;
				INFOPLIST_FILE = StvProject2Tests/Info.plist;
				LD_RUNPATH_SEARCH_PATHS = "$(inherited) @executable_path/Frameworks @loader_path/Frameworks";
				PRODUCT_BUNDLE_IDENTIFIER = com.kazua.StvProject2Tests;
				PRODUCT_NAME = "$(TARGET_NAME)";
				SWIFT_VERSION = 5.0;
				TARGETED_DEVICE_FAMILY = "1,2";
				TEST_HOST = "$(BUILT_PRODUCTS_DIR)/StvProject2.app/StvProject2";
			};
			name = Release;
		};
		642E8D47205A6A6C00BD1F87 /* Debug */ = {
			isa = XCBuildConfiguration;
			buildSettings = {
				ALWAYS_EMBED_SWIFT_STANDARD_LIBRARIES = YES;
				CODE_SIGN_STYLE = Automatic;
				DEVELOPMENT_TEAM = PCCZJUYRT6;
				INFOPLIST_FILE = StvProject2UITests/Info.plist;
				LD_RUNPATH_SEARCH_PATHS = "$(inherited) @executable_path/Frameworks @loader_path/Frameworks";
				PRODUCT_BUNDLE_IDENTIFIER = com.kazua.StvProject2UITests;
				PRODUCT_NAME = "$(TARGET_NAME)";
				SWIFT_VERSION = 5.0;
				TARGETED_DEVICE_FAMILY = "1,2";
				TEST_TARGET_NAME = StvProject2;
			};
			name = Debug;
		};
		642E8D48205A6A6C00BD1F87 /* Release */ = {
			isa = XCBuildConfiguration;
			buildSettings = {
				ALWAYS_EMBED_SWIFT_STANDARD_LIBRARIES = YES;
				CODE_SIGN_STYLE = Automatic;
				DEVELOPMENT_TEAM = PCCZJUYRT6;
				INFOPLIST_FILE = StvProject2UITests/Info.plist;
				LD_RUNPATH_SEARCH_PATHS = "$(inherited) @executable_path/Frameworks @loader_path/Frameworks";
				PRODUCT_BUNDLE_IDENTIFIER = com.kazua.StvProject2UITests;
				PRODUCT_NAME = "$(TARGET_NAME)";
				SWIFT_VERSION = 5.0;
				TARGETED_DEVICE_FAMILY = "1,2";
				TEST_TARGET_NAME = StvProject2;
			};
			name = Release;
		};
/* End XCBuildConfiguration section */

/* Begin XCConfigurationList section */
		642E8D13205A6A6C00BD1F87 /* Build configuration list for PBXProject "StvProject2" */ = {
			isa = XCConfigurationList;
			buildConfigurations = (
				642E8D3E205A6A6C00BD1F87 /* Debug */,
				642E8D3F205A6A6C00BD1F87 /* Release */,
			);
			defaultConfigurationIsVisible = 0;
			defaultConfigurationName = Release;
		};
		642E8D40205A6A6C00BD1F87 /* Build configuration list for PBXNativeTarget "StvProject2" */ = {
			isa = XCConfigurationList;
			buildConfigurations = (
				642E8D41205A6A6C00BD1F87 /* Debug */,
				642E8D42205A6A6C00BD1F87 /* Release */,
			);
			defaultConfigurationIsVisible = 0;
			defaultConfigurationName = Release;
		};
		642E8D43205A6A6C00BD1F87 /* Build configuration list for PBXNativeTarget "StvProject2Tests" */ = {
			isa = XCConfigurationList;
			buildConfigurations = (
				642E8D44205A6A6C00BD1F87 /* Debug */,
				642E8D45205A6A6C00BD1F87 /* Release */,
			);
			defaultConfigurationIsVisible = 0;
			defaultConfigurationName = Release;
		};
		642E8D46205A6A6C00BD1F87 /* Build configuration list for PBXNativeTarget "StvProject2UITests" */ = {
			isa = XCConfigurationList;
			buildConfigurations = (
				642E8D47205A6A6C00BD1F87 /* Debug */,
				642E8D48205A6A6C00BD1F87 /* Release */,
			);
			defaultConfigurationIsVisible = 0;
			defaultConfigurationName = Release;
		};
/* End XCConfigurationList section */
	};
	rootObject = 642E8D10205A6A6C00BD1F87 /* Project object */;
}
