// !$*UTF8*$!
{
	archiveVersion = 1;
	classes = {
	};
	objectVersion = 48;
	objects = {

/* Begin PBXBuildFile section */
		642765A0205F4A3C00E45275 /* .swiftlint.yml in Resources */ = {isa = PBXBuildFile; fileRef = 6427659F205F4A3C00E45275 /* .swiftlint.yml */; };
		64E00CFF205B5C19007F98AE /* AppDelegate.swift in Sources */ = {isa = PBXBuildFile; fileRef = 64E00CFE205B5C19007F98AE /* AppDelegate.swift */; };
		64E00D01205B5C19007F98AE /* ViewController.swift in Sources */ = {isa = PBXBuildFile; fileRef = 64E00D00205B5C19007F98AE /* ViewController.swift */; };
		64E00D04205B5C19007F98AE /* Main.storyboard in Resources */ = {isa = PBXBuildFile; fileRef = 64E00D02205B5C19007F98AE /* Main.storyboard */; };
		64E00D06205B5C19007F98AE /* Assets.xcassets in Resources */ = {isa = PBXBuildFile; fileRef = 64E00D05205B5C19007F98AE /* Assets.xcassets */; };
		64E00D09205B5C19007F98AE /* LaunchScreen.storyboard in Resources */ = {isa = PBXBuildFile; fileRef = 64E00D07205B5C19007F98AE /* LaunchScreen.storyboard */; };
		64E00D11205B5C35007F98AE /* Account.swift in Sources */ = {isa = PBXBuildFile; fileRef = 64E00D10205B5C35007F98AE /* Account.swift */; };
/* End PBXBuildFile section */

/* Begin PBXFileReference section */
		6427659F205F4A3C00E45275 /* .swiftlint.yml */ = {isa = PBXFileReference; fileEncoding = 4; lastKnownFileType = text; path = .swiftlint.yml; sourceTree = "<group>"; };
		64E00CFB205B5C19007F98AE /* StvProject4.app */ = {isa = PBXFileReference; explicitFileType = wrapper.application; includeInIndex = 0; path = StvProject4.app; sourceTree = BUILT_PRODUCTS_DIR; };
		64E00CFE205B5C19007F98AE /* AppDelegate.swift */ = {isa = PBXFileReference; lastKnownFileType = sourcecode.swift; path = AppDelegate.swift; sourceTree = "<group>"; };
		64E00D00205B5C19007F98AE /* ViewController.swift */ = {isa = PBXFileReference; lastKnownFileType = sourcecode.swift; path = ViewController.swift; sourceTree = "<group>"; };
		64E00D03205B5C19007F98AE /* Base */ = {isa = PBXFileReference; lastKnownFileType = file.storyboard; name = Base; path = Base.lproj/Main.storyboard; sourceTree = "<group>"; };
		64E00D05205B5C19007F98AE /* Assets.xcassets */ = {isa = PBXFileReference; lastKnownFileType = folder.assetcatalog; path = Assets.xcassets; sourceTree = "<group>"; };
		64E00D08205B5C19007F98AE /* Base */ = {isa = PBXFileReference; lastKnownFileType = file.storyboard; name = Base; path = Base.lproj/LaunchScreen.storyboard; sourceTree = "<group>"; };
		64E00D0A205B5C19007F98AE /* Info.plist */ = {isa = PBXFileReference; lastKnownFileType = text.plist.xml; path = Info.plist; sourceTree = "<group>"; };
		64E00D10205B5C35007F98AE /* Account.swift */ = {isa = PBXFileReference; lastKnownFileType = sourcecode.swift; path = Account.swift; sourceTree = "<group>"; };
/* End PBXFileReference section */

/* Begin PBXFrameworksBuildPhase section */
		64E00CF8205B5C19007F98AE /* Frameworks */ = {
			isa = PBXFrameworksBuildPhase;
			buildActionMask = 2147483647;
			files = (
			);
			runOnlyForDeploymentPostprocessing = 0;
		};
/* End PBXFrameworksBuildPhase section */

/* Begin PBXGroup section */
		64E00CF2205B5C19007F98AE = {
			isa = PBXGroup;
			children = (
				6427659F205F4A3C00E45275 /* .swiftlint.yml */,
				64E00CFD205B5C19007F98AE /* StvProject4 */,
				64E00CFC205B5C19007F98AE /* Products */,
			);
			sourceTree = "<group>";
		};
		64E00CFC205B5C19007F98AE /* Products */ = {
			isa = PBXGroup;
			children = (
				64E00CFB205B5C19007F98AE /* StvProject4.app */,
			);
			name = Products;
			sourceTree = "<group>";
		};
		64E00CFD205B5C19007F98AE /* StvProject4 */ = {
			isa = PBXGroup;
			children = (
				64E00CFE205B5C19007F98AE /* AppDelegate.swift */,
				64E00D00205B5C19007F98AE /* ViewController.swift */,
				64E00D10205B5C35007F98AE /* Account.swift */,
				64E00D02205B5C19007F98AE /* Main.storyboard */,
				64E00D05205B5C19007F98AE /* Assets.xcassets */,
				64E00D07205B5C19007F98AE /* LaunchScreen.storyboard */,
				64E00D0A205B5C19007F98AE /* Info.plist */,
			);
			path = StvProject4;
			sourceTree = "<group>";
		};
/* End PBXGroup section */

/* Begin PBXNativeTarget section */
		64E00CFA205B5C19007F98AE /* StvProject4 */ = {
			isa = PBXNativeTarget;
			buildConfigurationList = 64E00D0D205B5C19007F98AE /* Build configuration list for PBXNativeTarget "StvProject4" */;
			buildPhases = (
				64E00CF7205B5C19007F98AE /* Sources */,
				64E00CF8205B5C19007F98AE /* Frameworks */,
				64E00CF9205B5C19007F98AE /* Resources */,
				64E00D12205B5C44007F98AE /* SwiftLint */,
			);
			buildRules = (
			);
			dependencies = (
			);
			name = StvProject4;
			productName = StvProject4;
			productReference = 64E00CFB205B5C19007F98AE /* StvProject4.app */;
			productType = "com.apple.product-type.application";
		};
/* End PBXNativeTarget section */

/* Begin PBXProject section */
		64E00CF3205B5C19007F98AE /* Project object */ = {
			isa = PBXProject;
			attributes = {
				LastSwiftUpdateCheck = 0920;
				LastUpgradeCheck = 1120;
				ORGANIZATIONNAME = kazua;
				TargetAttributes = {
					64E00CFA205B5C19007F98AE = {
						CreatedOnToolsVersion = 9.2;
						LastSwiftMigration = 1120;
						ProvisioningStyle = Automatic;
					};
				};
			};
			buildConfigurationList = 64E00CF6205B5C19007F98AE /* Build configuration list for PBXProject "StvProject4" */;
			compatibilityVersion = "Xcode 8.0";
			developmentRegion = en;
			hasScannedForEncodings = 0;
			knownRegions = (
				en,
				Base,
			);
			mainGroup = 64E00CF2205B5C19007F98AE;
			productRefGroup = 64E00CFC205B5C19007F98AE /* Products */;
			projectDirPath = "";
			projectRoot = "";
			targets = (
				64E00CFA205B5C19007F98AE /* StvProject4 */,
			);
		};
/* End PBXProject section */

/* Begin PBXResourcesBuildPhase section */
		64E00CF9205B5C19007F98AE /* Resources */ = {
			isa = PBXResourcesBuildPhase;
			buildActionMask = 2147483647;
			files = (
				642765A0205F4A3C00E45275 /* .swiftlint.yml in Resources */,
				64E00D09205B5C19007F98AE /* LaunchScreen.storyboard in Resources */,
				64E00D06205B5C19007F98AE /* Assets.xcassets in Resources */,
				64E00D04205B5C19007F98AE /* Main.storyboard in Resources */,
			);
			runOnlyForDeploymentPostprocessing = 0;
		};
/* End PBXResourcesBuildPhase section */

/* Begin PBXShellScriptBuildPhase section */
		64E00D12205B5C44007F98AE /* SwiftLint */ = {
			isa = PBXShellScriptBuildPhase;
			buildActionMask = 12;
			files = (
			);
			inputPaths = (
			);
			name = SwiftLint;
			outputPaths = (
			);
			runOnlyForDeploymentPostprocessing = 0;
			shellPath = /bin/sh;
			shellScript = "if which swiftlint >/dev/null; then\nswiftlint\nelse\necho \"warning: SwiftLint not installed, download from https://github.com/realm/SwiftLint\"\nfi\n";
		};
/* End PBXShellScriptBuildPhase section */

/* Begin PBXSourcesBuildPhase section */
		64E00CF7205B5C19007F98AE /* Sources */ = {
			isa = PBXSourcesBuildPhase;
			buildActionMask = 2147483647;
			files = (
				64E00D01205B5C19007F98AE /* ViewController.swift in Sources */,
				64E00CFF205B5C19007F98AE /* AppDelegate.swift in Sources */,
				64E00D11205B5C35007F98AE /* Account.swift in Sources */,
			);
			runOnlyForDeploymentPostprocessing = 0;
		};
/* End PBXSourcesBuildPhase section */

/* Begin PBXVariantGroup section */
		64E00D02205B5C19007F98AE /* Main.storyboard */ = {
			isa = PBXVariantGroup;
			children = (
				64E00D03205B5C19007F98AE /* Base */,
			);
			name = Main.storyboard;
			sourceTree = "<group>";
		};
		64E00D07205B5C19007F98AE /* LaunchScreen.storyboard */ = {
			isa = PBXVariantGroup;
			children = (
				64E00D08205B5C19007F98AE /* Base */,
			);
			name = LaunchScreen.storyboard;
			sourceTree = "<group>";
		};
/* End PBXVariantGroup section */

/* Begin XCBuildConfiguration section */
		64E00D0B205B5C19007F98AE /* Debug */ = {
			isa = XCBuildConfiguration;
			buildSettings = {
				ALWAYS_SEARCH_USER_PATHS = NO;
				CLANG_ANALYZER_NONNULL = YES;
				CLANG_ANALYZER_NUMBER_OBJECT_CONVERSION = YES_AGGRESSIVE;
				CLANG_CXX_LANGUAGE_STANDARD = "gnu++14";
				CLANG_CXX_LIBRARY = "libc++";
				CLANG_ENABLE_MODULES = YES;
				CLANG_ENABLE_OBJC_ARC = YES;
				CLANG_WARN_BLOCK_CAPTURE_AUTORELEASING = YES;
				CLANG_WARN_BOOL_CONVERSION = YES;
				CLANG_WARN_COMMA = YES;
				CLANG_WARN_CONSTANT_CONVERSION = YES;
				CLANG_WARN_DEPRECATED_OBJC_IMPLEMENTATIONS = YES;
				CLANG_WARN_DIRECT_OBJC_ISA_USAGE = YES_ERROR;
				CLANG_WARN_DOCUMENTATION_COMMENTS = YES;
				CLANG_WARN_EMPTY_BODY = YES;
				CLANG_WARN_ENUM_CONVERSION = YES;
				CLANG_WARN_INFINITE_RECURSION = YES;
				CLANG_WARN_INT_CONVERSION = YES;
				CLANG_WARN_NON_LITERAL_NULL_CONVERSION = YES;
				CLANG_WARN_OBJC_IMPLICIT_RETAIN_SELF = YES;
				CLANG_WARN_OBJC_LITERAL_CONVERSION = YES;
				CLANG_WARN_OBJC_ROOT_CLASS = YES_ERROR;
				CLANG_WARN_RANGE_LOOP_ANALYSIS = YES;
				CLANG_WARN_STRICT_PROTOTYPES = YES;
				CLANG_WARN_SUSPICIOUS_MOVE = YES;
				CLANG_WARN_UNGUARDED_AVAILABILITY = YES_AGGRESSIVE;
				CLANG_WARN_UNREACHABLE_CODE = YES;
				CLANG_WARN__DUPLICATE_METHOD_MATCH = YES;
				CODE_SIGN_IDENTITY = "iPhone Developer";
				COPY_PHASE_STRIP = NO;
				DEBUG_INFORMATION_FORMAT = dwarf;
				ENABLE_STRICT_OBJC_MSGSEND = YES;
				ENABLE_TESTABILITY = YES;
				GCC_C_LANGUAGE_STANDARD = gnu11;
				GCC_DYNAMIC_NO_PIC = NO;
				GCC_NO_COMMON_BLOCKS = YES;
				GCC_OPTIMIZATION_LEVEL = 0;
				GCC_PREPROCESSOR_DEFINITIONS = (
					"DEBUG=1",
					"$(inherited)",
				);
				GCC_WARN_64_TO_32_BIT_CONVERSION = YES;
				GCC_WARN_ABOUT_RETURN_TYPE = YES_ERROR;
				GCC_WARN_UNDECLARED_SELECTOR = YES;
				GCC_WARN_UNINITIALIZED_AUTOS = YES_AGGRESSIVE;
				GCC_WARN_UNUSED_FUNCTION = YES;
				GCC_WARN_UNUSED_VARIABLE = YES;
				IPHONEOS_DEPLOYMENT_TARGET = 11.2;
				MTL_ENABLE_DEBUG_INFO = YES;
				ONLY_ACTIVE_ARCH = YES;
				SDKROOT = iphoneos;
				SWIFT_ACTIVE_COMPILATION_CONDITIONS = DEBUG;
				SWIFT_OPTIMIZATION_LEVEL = "-Onone";
			};
			name = Debug;
		};
		64E00D0C205B5C19007F98AE /* Release */ = {
			isa = XCBuildConfiguration;
			buildSettings = {
				ALWAYS_SEARCH_USER_PATHS = NO;
				CLANG_ANALYZER_NONNULL = YES;
				CLANG_ANALYZER_NUMBER_OBJECT_CONVERSION = YES_AGGRESSIVE;
				CLANG_CXX_LANGUAGE_STANDARD = "gnu++14";
				CLANG_CXX_LIBRARY = "libc++";
				CLANG_ENABLE_MODULES = YES;
				CLANG_ENABLE_OBJC_ARC = YES;
				CLANG_WARN_BLOCK_CAPTURE_AUTORELEASING = YES;
				CLANG_WARN_BOOL_CONVERSION = YES;
				CLANG_WARN_COMMA = YES;
				CLANG_WARN_CONSTANT_CONVERSION = YES;
				CLANG_WARN_DEPRECATED_OBJC_IMPLEMENTATIONS = YES;
				CLANG_WARN_DIRECT_OBJC_ISA_USAGE = YES_ERROR;
				CLANG_WARN_DOCUMENTATION_COMMENTS = YES;
				CLANG_WARN_EMPTY_BODY = YES;
				CLANG_WARN_ENUM_CONVERSION = YES;
				CLANG_WARN_INFINITE_RECURSION = YES;
				CLANG_WARN_INT_CONVERSION = YES;
				CLANG_WARN_NON_LITERAL_NULL_CONVERSION = YES;
				CLANG_WARN_OBJC_IMPLICIT_RETAIN_SELF = YES;
				CLANG_WARN_OBJC_LITERAL_CONVERSION = YES;
				CLANG_WARN_OBJC_ROOT_CLASS = YES_ERROR;
				CLANG_WARN_RANGE_LOOP_ANALYSIS = YES;
				CLANG_WARN_STRICT_PROTOTYPES = YES;
				CLANG_WARN_SUSPICIOUS_MOVE = YES;
				CLANG_WARN_UNGUARDED_AVAILABILITY = YES_AGGRESSIVE;
				CLANG_WARN_UNREACHABLE_CODE = YES;
				CLANG_WARN__DUPLICATE_METHOD_MATCH = YES;
				CODE_SIGN_IDENTITY = "iPhone Developer";
				COPY_PHASE_STRIP = NO;
				DEBUG_INFORMATION_FORMAT = "dwarf-with-dsym";
				ENABLE_NS_ASSERTIONS = NO;
				ENABLE_STRICT_OBJC_MSGSEND = YES;
				GCC_C_LANGUAGE_STANDARD = gnu11;
				GCC_NO_COMMON_BLOCKS = YES;
				GCC_WARN_64_TO_32_BIT_CONVERSION = YES;
				GCC_WARN_ABOUT_RETURN_TYPE = YES_ERROR;
				GCC_WARN_UNDECLARED_SELECTOR = YES;
				GCC_WARN_UNINITIALIZED_AUTOS = YES_AGGRESSIVE;
				GCC_WARN_UNUSED_FUNCTION = YES;
				GCC_WARN_UNUSED_VARIABLE = YES;
				IPHONEOS_DEPLOYMENT_TARGET = 11.2;
				MTL_ENABLE_DEBUG_INFO = NO;
				SDKROOT = iphoneos;
				SWIFT_OPTIMIZATION_LEVEL = "-Owholemodule";
				VALIDATE_PRODUCT = YES;
			};
			name = Release;
		};
		64E00D0E205B5C19007F98AE /* Debug */ = {
			isa = XCBuildConfiguration;
			buildSettings = {
				ASSETCATALOG_COMPILER_APPICON_NAME = AppIcon;
				CODE_SIGN_STYLE = Automatic;
				DEVELOPMENT_TEAM = PCCZJUYRT6;
				INFOPLIST_FILE = StvProject4/Info.plist;
				LD_RUNPATH_SEARCH_PATHS = "$(inherited) @executable_path/Frameworks";
				PRODUCT_BUNDLE_IDENTIFIER = com.kazua.StvProject4;
				PRODUCT_NAME = "$(TARGET_NAME)";
				SWIFT_VERSION = 5.0;
				TARGETED_DEVICE_FAMILY = "1,2";
			};
			name = Debug;
		};
		64E00D0F205B5C19007F98AE /* Release */ = {
			isa = XCBuildConfiguration;
			buildSettings = {
				ASSETCATALOG_COMPILER_APPICON_NAME = AppIcon;
				CODE_SIGN_STYLE = Automatic;
				DEVELOPMENT_TEAM = PCCZJUYRT6;
				INFOPLIST_FILE = StvProject4/Info.plist;
				LD_RUNPATH_SEARCH_PATHS = "$(inherited) @executable_path/Frameworks";
				PRODUCT_BUNDLE_IDENTIFIER = com.kazua.StvProject4;
				PRODUCT_NAME = "$(TARGET_NAME)";
				SWIFT_VERSION = 5.0;
				TARGETED_DEVICE_FAMILY = "1,2";
			};
			name = Release;
		};
/* End XCBuildConfiguration section */

/* Begin XCConfigurationList section */
		64E00CF6205B5C19007F98AE /* Build configuration list for PBXProject "StvProject4" */ = {
			isa = XCConfigurationList;
			buildConfigurations = (
				64E00D0B205B5C19007F98AE /* Debug */,
				64E00D0C205B5C19007F98AE /* Release */,
			);
			defaultConfigurationIsVisible = 0;
			defaultConfigurationName = Release;
		};
		64E00D0D205B5C19007F98AE /* Build configuration list for PBXNativeTarget "StvProject4" */ = {
			isa = XCConfigurationList;
			buildConfigurations = (
				64E00D0E205B5C19007F98AE /* Debug */,
				64E00D0F205B5C19007F98AE /* Release */,
			);
			defaultConfigurationIsVisible = 0;
			defaultConfigurationName = Release;
		};
/* End XCConfigurationList section */
	};
	rootObject = 64E00CF3205B5C19007F98AE /* Project object */;
}
